// !$*UTF8*$!
{
	archiveVersion = 1;
	classes = {
	};
	objectVersion = 56;
	objects = {

/* Begin PBXBuildFile section */
		076ACFE72A2BC9020002D89B /* Loadable.swift in Sources */ = {isa = PBXBuildFile; fileRef = 076ACFE62A2BC9020002D89B /* Loadable.swift */; };
		076ACFE92A2BC9100002D89B /* CancelBag.swift in Sources */ = {isa = PBXBuildFile; fileRef = 076ACFE82A2BC9100002D89B /* CancelBag.swift */; };
		0777D1712A6B19B6005A0A05 /* MockData.swift in Sources */ = {isa = PBXBuildFile; fileRef = 0777D1702A6B19B6005A0A05 /* MockData.swift */; };
		0777D1732A6B4FA8005A0A05 /* HomeView.swift in Sources */ = {isa = PBXBuildFile; fileRef = 0777D1722A6B4FA8005A0A05 /* HomeView.swift */; };
		0777D1752A6B4FCE005A0A05 /* SettingsView.swift in Sources */ = {isa = PBXBuildFile; fileRef = 0777D1742A6B4FCE005A0A05 /* SettingsView.swift */; };
		0777D1772A6B5006005A0A05 /* ExercisesView.swift in Sources */ = {isa = PBXBuildFile; fileRef = 0777D1762A6B5006005A0A05 /* ExercisesView.swift */; };
		0777D1792A6B5013005A0A05 /* ProgressView.swift in Sources */ = {isa = PBXBuildFile; fileRef = 0777D1782A6B5013005A0A05 /* ProgressView.swift */; };
		0777D17B2A6B5115005A0A05 /* RecentView.swift in Sources */ = {isa = PBXBuildFile; fileRef = 0777D17A2A6B5115005A0A05 /* RecentView.swift */; };
		07A6C3ED2A229624008F87CB /* RootViewModifier.swift in Sources */ = {isa = PBXBuildFile; fileRef = 07A6C3EC2A229624008F87CB /* RootViewModifier.swift */; };
		07A6C3EF2A2296F7008F87CB /* WorkoutsView.swift in Sources */ = {isa = PBXBuildFile; fileRef = 07A6C3EE2A2296F7008F87CB /* WorkoutsView.swift */; };
		07A6C3F12A229706008F87CB /* WorkoutDetailView.swift in Sources */ = {isa = PBXBuildFile; fileRef = 07A6C3F02A229706008F87CB /* WorkoutDetailView.swift */; };
		07A6C3F32A257EA5008F87CB /* CoreDataHelpers.swift in Sources */ = {isa = PBXBuildFile; fileRef = 07A6C3F22A257EA5008F87CB /* CoreDataHelpers.swift */; };
		07A6C3F52A26D04C008F87CB /* Store.swift in Sources */ = {isa = PBXBuildFile; fileRef = 07A6C3F42A26D04C008F87CB /* Store.swift */; };
		07C32AF32A33A8D900219776 /* ErrorView.swift in Sources */ = {isa = PBXBuildFile; fileRef = 07C32AF22A33A8D900219776 /* ErrorView.swift */; };
		07C32AF52A33A95100219776 /* ActivityIndicatorView.swift in Sources */ = {isa = PBXBuildFile; fileRef = 07C32AF42A33A95100219776 /* ActivityIndicatorView.swift */; };
		07C32AF72A33B38900219776 /* AppDelegate.swift in Sources */ = {isa = PBXBuildFile; fileRef = 07C32AF62A33B38900219776 /* AppDelegate.swift */; };
		07C32AF92A33B6C200219776 /* SceneDelegate.swift in Sources */ = {isa = PBXBuildFile; fileRef = 07C32AF82A33B6C200219776 /* SceneDelegate.swift */; };
		07C32AFB2A33B97400219776 /* AppEnvironment.swift in Sources */ = {isa = PBXBuildFile; fileRef = 07C32AFA2A33B97400219776 /* AppEnvironment.swift */; };
		07C32AFD2A39507A00219776 /* SystemEventsHandler.swift in Sources */ = {isa = PBXBuildFile; fileRef = 07C32AFC2A39507A00219776 /* SystemEventsHandler.swift */; };
		07C32B002A3D06FB00219776 /* AddWorkoutView.swift in Sources */ = {isa = PBXBuildFile; fileRef = 07C32AFF2A3D06FB00219776 /* AddWorkoutView.swift */; };
		07C32B022A464B7C00219776 /* Helpers.swift in Sources */ = {isa = PBXBuildFile; fileRef = 07C32B012A464B7C00219776 /* Helpers.swift */; };
		07FDCB572A0EBB3F00EF9C75 /* ContentView.swift in Sources */ = {isa = PBXBuildFile; fileRef = 07FDCB562A0EBB3F00EF9C75 /* ContentView.swift */; };
		07FDCB592A0EBB4100EF9C75 /* Assets.xcassets in Resources */ = {isa = PBXBuildFile; fileRef = 07FDCB582A0EBB4100EF9C75 /* Assets.xcassets */; };
		07FDCB5C2A0EBB4100EF9C75 /* Preview Assets.xcassets in Resources */ = {isa = PBXBuildFile; fileRef = 07FDCB5B2A0EBB4100EF9C75 /* Preview Assets.xcassets */; };
		07FDCB612A0EBB4100EF9C75 /* Lift_Tracker.xcdatamodeld in Sources */ = {isa = PBXBuildFile; fileRef = 07FDCB5F2A0EBB4100EF9C75 /* Lift_Tracker.xcdatamodeld */; };
		07FDCB742A0ED14400EF9C75 /* AppState.swift in Sources */ = {isa = PBXBuildFile; fileRef = 07FDCB732A0ED14400EF9C75 /* AppState.swift */; };
		07FDCB762A0ED24000EF9C75 /* InteractorsContainer.swift in Sources */ = {isa = PBXBuildFile; fileRef = 07FDCB752A0ED24000EF9C75 /* InteractorsContainer.swift */; };
		07FDCB782A0ED2BC00EF9C75 /* DependencyInjector.swift in Sources */ = {isa = PBXBuildFile; fileRef = 07FDCB772A0ED2BC00EF9C75 /* DependencyInjector.swift */; };
		07FDCB7C2A0F01D500EF9C75 /* WorkoutRepository.swift in Sources */ = {isa = PBXBuildFile; fileRef = 07FDCB7B2A0F01D500EF9C75 /* WorkoutRepository.swift */; };
		07FDCB7E2A0F041D00EF9C75 /* WorkoutInteractor.swift in Sources */ = {isa = PBXBuildFile; fileRef = 07FDCB7D2A0F041D00EF9C75 /* WorkoutInteractor.swift */; };
		07FDCB802A0FE9F400EF9C75 /* Models.swift in Sources */ = {isa = PBXBuildFile; fileRef = 07FDCB7F2A0FE9F400EF9C75 /* Models.swift */; };
		07FDCB822A0FEA0500EF9C75 /* Models+CoreData.swift in Sources */ = {isa = PBXBuildFile; fileRef = 07FDCB812A0FEA0500EF9C75 /* Models+CoreData.swift */; };
		07FDCB842A17F08900EF9C75 /* CoreDataStack.swift in Sources */ = {isa = PBXBuildFile; fileRef = 07FDCB832A17F08900EF9C75 /* CoreDataStack.swift */; };
/* End PBXBuildFile section */

/* Begin PBXFileReference section */
		076ACFE62A2BC9020002D89B /* Loadable.swift */ = {isa = PBXFileReference; lastKnownFileType = sourcecode.swift; path = Loadable.swift; sourceTree = "<group>"; };
		076ACFE82A2BC9100002D89B /* CancelBag.swift */ = {isa = PBXFileReference; lastKnownFileType = sourcecode.swift; path = CancelBag.swift; sourceTree = "<group>"; };
		0777D1702A6B19B6005A0A05 /* MockData.swift */ = {isa = PBXFileReference; lastKnownFileType = sourcecode.swift; path = MockData.swift; sourceTree = "<group>"; };
		0777D1722A6B4FA8005A0A05 /* HomeView.swift */ = {isa = PBXFileReference; lastKnownFileType = sourcecode.swift; path = HomeView.swift; sourceTree = "<group>"; };
		0777D1742A6B4FCE005A0A05 /* SettingsView.swift */ = {isa = PBXFileReference; lastKnownFileType = sourcecode.swift; path = SettingsView.swift; sourceTree = "<group>"; };
		0777D1762A6B5006005A0A05 /* ExercisesView.swift */ = {isa = PBXFileReference; lastKnownFileType = sourcecode.swift; path = ExercisesView.swift; sourceTree = "<group>"; };
		0777D1782A6B5013005A0A05 /* ProgressView.swift */ = {isa = PBXFileReference; lastKnownFileType = sourcecode.swift; path = ProgressView.swift; sourceTree = "<group>"; };
		0777D17A2A6B5115005A0A05 /* RecentView.swift */ = {isa = PBXFileReference; lastKnownFileType = sourcecode.swift; path = RecentView.swift; sourceTree = "<group>"; };
		07A6C3EC2A229624008F87CB /* RootViewModifier.swift */ = {isa = PBXFileReference; lastKnownFileType = sourcecode.swift; path = RootViewModifier.swift; sourceTree = "<group>"; };
		07A6C3EE2A2296F7008F87CB /* WorkoutsView.swift */ = {isa = PBXFileReference; lastKnownFileType = sourcecode.swift; path = WorkoutsView.swift; sourceTree = "<group>"; };
		07A6C3F02A229706008F87CB /* WorkoutDetailView.swift */ = {isa = PBXFileReference; lastKnownFileType = sourcecode.swift; path = WorkoutDetailView.swift; sourceTree = "<group>"; };
		07A6C3F22A257EA5008F87CB /* CoreDataHelpers.swift */ = {isa = PBXFileReference; lastKnownFileType = sourcecode.swift; path = CoreDataHelpers.swift; sourceTree = "<group>"; };
		07A6C3F42A26D04C008F87CB /* Store.swift */ = {isa = PBXFileReference; lastKnownFileType = sourcecode.swift; path = Store.swift; sourceTree = "<group>"; };
		07C32AF22A33A8D900219776 /* ErrorView.swift */ = {isa = PBXFileReference; lastKnownFileType = sourcecode.swift; path = ErrorView.swift; sourceTree = "<group>"; };
		07C32AF42A33A95100219776 /* ActivityIndicatorView.swift */ = {isa = PBXFileReference; lastKnownFileType = sourcecode.swift; path = ActivityIndicatorView.swift; sourceTree = "<group>"; };
		07C32AF62A33B38900219776 /* AppDelegate.swift */ = {isa = PBXFileReference; lastKnownFileType = sourcecode.swift; path = AppDelegate.swift; sourceTree = "<group>"; };
		07C32AF82A33B6C200219776 /* SceneDelegate.swift */ = {isa = PBXFileReference; lastKnownFileType = sourcecode.swift; path = SceneDelegate.swift; sourceTree = "<group>"; };
		07C32AFA2A33B97400219776 /* AppEnvironment.swift */ = {isa = PBXFileReference; lastKnownFileType = sourcecode.swift; path = AppEnvironment.swift; sourceTree = "<group>"; };
		07C32AFC2A39507A00219776 /* SystemEventsHandler.swift */ = {isa = PBXFileReference; lastKnownFileType = sourcecode.swift; path = SystemEventsHandler.swift; sourceTree = "<group>"; };
		07C32AFE2A3D01F600219776 /* Info.plist */ = {isa = PBXFileReference; lastKnownFileType = text.plist; path = Info.plist; sourceTree = "<group>"; };
		07C32AFF2A3D06FB00219776 /* AddWorkoutView.swift */ = {isa = PBXFileReference; lastKnownFileType = sourcecode.swift; path = AddWorkoutView.swift; sourceTree = "<group>"; };
		07C32B012A464B7C00219776 /* Helpers.swift */ = {isa = PBXFileReference; lastKnownFileType = sourcecode.swift; path = Helpers.swift; sourceTree = "<group>"; };
		07FDCB512A0EBB3F00EF9C75 /* Lift-Tracker.app */ = {isa = PBXFileReference; explicitFileType = wrapper.application; includeInIndex = 0; path = "Lift-Tracker.app"; sourceTree = BUILT_PRODUCTS_DIR; };
		07FDCB562A0EBB3F00EF9C75 /* ContentView.swift */ = {isa = PBXFileReference; lastKnownFileType = sourcecode.swift; path = ContentView.swift; sourceTree = "<group>"; };
		07FDCB582A0EBB4100EF9C75 /* Assets.xcassets */ = {isa = PBXFileReference; lastKnownFileType = folder.assetcatalog; path = Assets.xcassets; sourceTree = "<group>"; };
		07FDCB5B2A0EBB4100EF9C75 /* Preview Assets.xcassets */ = {isa = PBXFileReference; lastKnownFileType = folder.assetcatalog; path = "Preview Assets.xcassets"; sourceTree = "<group>"; };
		07FDCB602A0EBB4100EF9C75 /* Lift_Tracker.xcdatamodel */ = {isa = PBXFileReference; lastKnownFileType = wrapper.xcdatamodel; path = Lift_Tracker.xcdatamodel; sourceTree = "<group>"; };
		07FDCB732A0ED14400EF9C75 /* AppState.swift */ = {isa = PBXFileReference; lastKnownFileType = sourcecode.swift; path = AppState.swift; sourceTree = "<group>"; };
		07FDCB752A0ED24000EF9C75 /* InteractorsContainer.swift */ = {isa = PBXFileReference; lastKnownFileType = sourcecode.swift; path = InteractorsContainer.swift; sourceTree = "<group>"; };
		07FDCB772A0ED2BC00EF9C75 /* DependencyInjector.swift */ = {isa = PBXFileReference; lastKnownFileType = sourcecode.swift; path = DependencyInjector.swift; sourceTree = "<group>"; };
		07FDCB7B2A0F01D500EF9C75 /* WorkoutRepository.swift */ = {isa = PBXFileReference; lastKnownFileType = sourcecode.swift; path = WorkoutRepository.swift; sourceTree = "<group>"; };
		07FDCB7D2A0F041D00EF9C75 /* WorkoutInteractor.swift */ = {isa = PBXFileReference; lastKnownFileType = sourcecode.swift; path = WorkoutInteractor.swift; sourceTree = "<group>"; };
		07FDCB7F2A0FE9F400EF9C75 /* Models.swift */ = {isa = PBXFileReference; lastKnownFileType = sourcecode.swift; path = Models.swift; sourceTree = "<group>"; };
		07FDCB812A0FEA0500EF9C75 /* Models+CoreData.swift */ = {isa = PBXFileReference; lastKnownFileType = sourcecode.swift; path = "Models+CoreData.swift"; sourceTree = "<group>"; };
		07FDCB832A17F08900EF9C75 /* CoreDataStack.swift */ = {isa = PBXFileReference; lastKnownFileType = sourcecode.swift; path = CoreDataStack.swift; sourceTree = "<group>"; };
/* End PBXFileReference section */

/* Begin PBXFrameworksBuildPhase section */
		07FDCB4E2A0EBB3F00EF9C75 /* Frameworks */ = {
			isa = PBXFrameworksBuildPhase;
			buildActionMask = 2147483647;
			files = (
			);
			runOnlyForDeploymentPostprocessing = 0;
		};
/* End PBXFrameworksBuildPhase section */

/* Begin PBXGroup section */
		07FDCB482A0EBB3F00EF9C75 = {
			isa = PBXGroup;
			children = (
				07FDCB532A0EBB3F00EF9C75 /* Lift-Tracker */,
				07FDCB702A0EC0B300EF9C75 /* UnitTests */,
				07FDCB522A0EBB3F00EF9C75 /* Products */,
			);
			sourceTree = "<group>";
		};
		07FDCB522A0EBB3F00EF9C75 /* Products */ = {
			isa = PBXGroup;
			children = (
				07FDCB512A0EBB3F00EF9C75 /* Lift-Tracker.app */,
			);
			name = Products;
			sourceTree = "<group>";
		};
		07FDCB532A0EBB3F00EF9C75 /* Lift-Tracker */ = {
			isa = PBXGroup;
			children = (
				07C32AFE2A3D01F600219776 /* Info.plist */,
				07FDCB682A0EBBFB00EF9C75 /* Persistance */,
				07FDCB6A2A0EC03300EF9C75 /* System */,
				07FDCB6B2A0EC03900EF9C75 /* Utilities */,
				07FDCB6C2A0EC05800EF9C75 /* Injected */,
				07FDCB6D2A0EC06A00EF9C75 /* Repositories */,
				07FDCB692A0EBC2100EF9C75 /* Interactors */,
				07FDCB672A0EBBE000EF9C75 /* Models */,
				07FDCB6E2A0EC08E00EF9C75 /* UI */,
				07FDCB6F2A0EC0AA00EF9C75 /* Resources */,
			);
			path = "Lift-Tracker";
			sourceTree = "<group>";
		};
		07FDCB672A0EBBE000EF9C75 /* Models */ = {
			isa = PBXGroup;
			children = (
				07FDCB7F2A0FE9F400EF9C75 /* Models.swift */,
				07FDCB812A0FEA0500EF9C75 /* Models+CoreData.swift */,
				0777D1702A6B19B6005A0A05 /* MockData.swift */,
			);
			path = Models;
			sourceTree = "<group>";
		};
		07FDCB682A0EBBFB00EF9C75 /* Persistance */ = {
			isa = PBXGroup;
			children = (
				07FDCB832A17F08900EF9C75 /* CoreDataStack.swift */,
				07FDCB5F2A0EBB4100EF9C75 /* Lift_Tracker.xcdatamodeld */,
				07A6C3F22A257EA5008F87CB /* CoreDataHelpers.swift */,
			);
			path = Persistance;
			sourceTree = "<group>";
		};
		07FDCB692A0EBC2100EF9C75 /* Interactors */ = {
			isa = PBXGroup;
			children = (
				07FDCB7D2A0F041D00EF9C75 /* WorkoutInteractor.swift */,
			);
			path = Interactors;
			sourceTree = "<group>";
		};
		07FDCB6A2A0EC03300EF9C75 /* System */ = {
			isa = PBXGroup;
			children = (
				07C32AF62A33B38900219776 /* AppDelegate.swift */,
				07C32AF82A33B6C200219776 /* SceneDelegate.swift */,
				07C32AFA2A33B97400219776 /* AppEnvironment.swift */,
				07C32AFC2A39507A00219776 /* SystemEventsHandler.swift */,
			);
			path = System;
			sourceTree = "<group>";
		};
		07FDCB6B2A0EC03900EF9C75 /* Utilities */ = {
			isa = PBXGroup;
			children = (
				07A6C3F42A26D04C008F87CB /* Store.swift */,
				076ACFE62A2BC9020002D89B /* Loadable.swift */,
				076ACFE82A2BC9100002D89B /* CancelBag.swift */,
				07C32B012A464B7C00219776 /* Helpers.swift */,
			);
			path = Utilities;
			sourceTree = "<group>";
		};
		07FDCB6C2A0EC05800EF9C75 /* Injected */ = {
			isa = PBXGroup;
			children = (
				07FDCB732A0ED14400EF9C75 /* AppState.swift */,
				07FDCB752A0ED24000EF9C75 /* InteractorsContainer.swift */,
				07FDCB772A0ED2BC00EF9C75 /* DependencyInjector.swift */,
			);
			path = Injected;
			sourceTree = "<group>";
		};
		07FDCB6D2A0EC06A00EF9C75 /* Repositories */ = {
			isa = PBXGroup;
			children = (
				07FDCB7B2A0F01D500EF9C75 /* WorkoutRepository.swift */,
			);
			path = Repositories;
			sourceTree = "<group>";
		};
		07FDCB6E2A0EC08E00EF9C75 /* UI */ = {
			isa = PBXGroup;
			children = (
				07A6C3EC2A229624008F87CB /* RootViewModifier.swift */,
				07FDCB712A0EC93600EF9C75 /* Views */,
				07FDCB722A0EC93D00EF9C75 /* Components */,
			);
			path = UI;
			sourceTree = "<group>";
		};
		07FDCB6F2A0EC0AA00EF9C75 /* Resources */ = {
			isa = PBXGroup;
			children = (
				07FDCB582A0EBB4100EF9C75 /* Assets.xcassets */,
				07FDCB5B2A0EBB4100EF9C75 /* Preview Assets.xcassets */,
			);
			path = Resources;
			sourceTree = "<group>";
		};
		07FDCB702A0EC0B300EF9C75 /* UnitTests */ = {
			isa = PBXGroup;
			children = (
			);
			path = UnitTests;
			sourceTree = "<group>";
		};
		07FDCB712A0EC93600EF9C75 /* Views */ = {
			isa = PBXGroup;
			children = (
				07FDCB562A0EBB3F00EF9C75 /* ContentView.swift */,
				07A6C3EE2A2296F7008F87CB /* WorkoutsView.swift */,
				07A6C3F02A229706008F87CB /* WorkoutDetailView.swift */,
				07C32AFF2A3D06FB00219776 /* AddWorkoutView.swift */,
				0777D1722A6B4FA8005A0A05 /* HomeView.swift */,
				0777D1742A6B4FCE005A0A05 /* SettingsView.swift */,
				0777D1762A6B5006005A0A05 /* ExercisesView.swift */,
				0777D1782A6B5013005A0A05 /* ProgressView.swift */,
				0777D17A2A6B5115005A0A05 /* RecentView.swift */,
			);
			path = Views;
			sourceTree = "<group>";
		};
		07FDCB722A0EC93D00EF9C75 /* Components */ = {
			isa = PBXGroup;
			children = (
				07C32AF22A33A8D900219776 /* ErrorView.swift */,
				07C32AF42A33A95100219776 /* ActivityIndicatorView.swift */,
			);
			path = Components;
			sourceTree = "<group>";
		};
/* End PBXGroup section */

/* Begin PBXNativeTarget section */
		07FDCB502A0EBB3F00EF9C75 /* Lift-Tracker */ = {
			isa = PBXNativeTarget;
			buildConfigurationList = 07FDCB642A0EBB4100EF9C75 /* Build configuration list for PBXNativeTarget "Lift-Tracker" */;
			buildPhases = (
				07FDCB4D2A0EBB3F00EF9C75 /* Sources */,
				07FDCB4E2A0EBB3F00EF9C75 /* Frameworks */,
				07FDCB4F2A0EBB3F00EF9C75 /* Resources */,
			);
			buildRules = (
			);
			dependencies = (
			);
			name = "Lift-Tracker";
			productName = "Lift-Tracker";
			productReference = 07FDCB512A0EBB3F00EF9C75 /* Lift-Tracker.app */;
			productType = "com.apple.product-type.application";
		};
/* End PBXNativeTarget section */

/* Begin PBXProject section */
		07FDCB492A0EBB3F00EF9C75 /* Project object */ = {
			isa = PBXProject;
			attributes = {
				BuildIndependentTargetsInParallel = 1;
				LastSwiftUpdateCheck = 1430;
				LastUpgradeCheck = 1430;
				TargetAttributes = {
					07FDCB502A0EBB3F00EF9C75 = {
						CreatedOnToolsVersion = 14.3;
					};
				};
			};
			buildConfigurationList = 07FDCB4C2A0EBB3F00EF9C75 /* Build configuration list for PBXProject "Lift-Tracker" */;
			compatibilityVersion = "Xcode 14.0";
			developmentRegion = en;
			hasScannedForEncodings = 0;
			knownRegions = (
				en,
				Base,
			);
			mainGroup = 07FDCB482A0EBB3F00EF9C75;
			productRefGroup = 07FDCB522A0EBB3F00EF9C75 /* Products */;
			projectDirPath = "";
			projectRoot = "";
			targets = (
				07FDCB502A0EBB3F00EF9C75 /* Lift-Tracker */,
			);
		};
/* End PBXProject section */

/* Begin PBXResourcesBuildPhase section */
		07FDCB4F2A0EBB3F00EF9C75 /* Resources */ = {
			isa = PBXResourcesBuildPhase;
			buildActionMask = 2147483647;
			files = (
				07FDCB5C2A0EBB4100EF9C75 /* Preview Assets.xcassets in Resources */,
				07FDCB592A0EBB4100EF9C75 /* Assets.xcassets in Resources */,
			);
			runOnlyForDeploymentPostprocessing = 0;
		};
/* End PBXResourcesBuildPhase section */

/* Begin PBXSourcesBuildPhase section */
		07FDCB4D2A0EBB3F00EF9C75 /* Sources */ = {
			isa = PBXSourcesBuildPhase;
			buildActionMask = 2147483647;
			files = (
				0777D1732A6B4FA8005A0A05 /* HomeView.swift in Sources */,
				07A6C3F52A26D04C008F87CB /* Store.swift in Sources */,
				0777D1772A6B5006005A0A05 /* ExercisesView.swift in Sources */,
				07FDCB802A0FE9F400EF9C75 /* Models.swift in Sources */,
				07A6C3F12A229706008F87CB /* WorkoutDetailView.swift in Sources */,
				0777D1712A6B19B6005A0A05 /* MockData.swift in Sources */,
				07FDCB762A0ED24000EF9C75 /* InteractorsContainer.swift in Sources */,
				07A6C3EF2A2296F7008F87CB /* WorkoutsView.swift in Sources */,
				07A6C3F32A257EA5008F87CB /* CoreDataHelpers.swift in Sources */,
				07FDCB782A0ED2BC00EF9C75 /* DependencyInjector.swift in Sources */,
				0777D17B2A6B5115005A0A05 /* RecentView.swift in Sources */,
				07C32AF32A33A8D900219776 /* ErrorView.swift in Sources */,
				07C32AF92A33B6C200219776 /* SceneDelegate.swift in Sources */,
				07C32AF72A33B38900219776 /* AppDelegate.swift in Sources */,
				07FDCB742A0ED14400EF9C75 /* AppState.swift in Sources */,
				076ACFE92A2BC9100002D89B /* CancelBag.swift in Sources */,
				07FDCB7C2A0F01D500EF9C75 /* WorkoutRepository.swift in Sources */,
				07C32B022A464B7C00219776 /* Helpers.swift in Sources */,
				0777D1792A6B5013005A0A05 /* ProgressView.swift in Sources */,
				07FDCB842A17F08900EF9C75 /* CoreDataStack.swift in Sources */,
				07C32AF52A33A95100219776 /* ActivityIndicatorView.swift in Sources */,
				07FDCB822A0FEA0500EF9C75 /* Models+CoreData.swift in Sources */,
				07FDCB572A0EBB3F00EF9C75 /* ContentView.swift in Sources */,
				07FDCB7E2A0F041D00EF9C75 /* WorkoutInteractor.swift in Sources */,
				0777D1752A6B4FCE005A0A05 /* SettingsView.swift in Sources */,
				076ACFE72A2BC9020002D89B /* Loadable.swift in Sources */,
				07FDCB612A0EBB4100EF9C75 /* Lift_Tracker.xcdatamodeld in Sources */,
				07C32AFD2A39507A00219776 /* SystemEventsHandler.swift in Sources */,
				07A6C3ED2A229624008F87CB /* RootViewModifier.swift in Sources */,
				07C32B002A3D06FB00219776 /* AddWorkoutView.swift in Sources */,
				07C32AFB2A33B97400219776 /* AppEnvironment.swift in Sources */,
			);
			runOnlyForDeploymentPostprocessing = 0;
		};
/* End PBXSourcesBuildPhase section */

/* Begin XCBuildConfiguration section */
		07FDCB622A0EBB4100EF9C75 /* Debug */ = {
			isa = XCBuildConfiguration;
			buildSettings = {
				ALWAYS_SEARCH_USER_PATHS = NO;
				CLANG_ANALYZER_NONNULL = YES;
				CLANG_ANALYZER_NUMBER_OBJECT_CONVERSION = YES_AGGRESSIVE;
				CLANG_CXX_LANGUAGE_STANDARD = "gnu++20";
				CLANG_ENABLE_MODULES = YES;
				CLANG_ENABLE_OBJC_ARC = YES;
				CLANG_ENABLE_OBJC_WEAK = YES;
				CLANG_WARN_BLOCK_CAPTURE_AUTORELEASING = YES;
				CLANG_WARN_BOOL_CONVERSION = YES;
				CLANG_WARN_COMMA = YES;
				CLANG_WARN_CONSTANT_CONVERSION = YES;
				CLANG_WARN_DEPRECATED_OBJC_IMPLEMENTATIONS = YES;
				CLANG_WARN_DIRECT_OBJC_ISA_USAGE = YES_ERROR;
				CLANG_WARN_DOCUMENTATION_COMMENTS = YES;
				CLANG_WARN_EMPTY_BODY = YES;
				CLANG_WARN_ENUM_CONVERSION = YES;
				CLANG_WARN_INFINITE_RECURSION = YES;
				CLANG_WARN_INT_CONVERSION = YES;
				CLANG_WARN_NON_LITERAL_NULL_CONVERSION = YES;
				CLANG_WARN_OBJC_IMPLICIT_RETAIN_SELF = YES;
				CLANG_WARN_OBJC_LITERAL_CONVERSION = YES;
				CLANG_WARN_OBJC_ROOT_CLASS = YES_ERROR;
				CLANG_WARN_QUOTED_INCLUDE_IN_FRAMEWORK_HEADER = YES;
				CLANG_WARN_RANGE_LOOP_ANALYSIS = YES;
				CLANG_WARN_STRICT_PROTOTYPES = YES;
				CLANG_WARN_SUSPICIOUS_MOVE = YES;
				CLANG_WARN_UNGUARDED_AVAILABILITY = YES_AGGRESSIVE;
				CLANG_WARN_UNREACHABLE_CODE = YES;
				CLANG_WARN__DUPLICATE_METHOD_MATCH = YES;
				COPY_PHASE_STRIP = NO;
				DEBUG_INFORMATION_FORMAT = dwarf;
				ENABLE_STRICT_OBJC_MSGSEND = YES;
				ENABLE_TESTABILITY = YES;
				GCC_C_LANGUAGE_STANDARD = gnu11;
				GCC_DYNAMIC_NO_PIC = NO;
				GCC_NO_COMMON_BLOCKS = YES;
				GCC_OPTIMIZATION_LEVEL = 0;
				GCC_PREPROCESSOR_DEFINITIONS = (
					"DEBUG=1",
					"$(inherited)",
				);
				GCC_WARN_64_TO_32_BIT_CONVERSION = YES;
				GCC_WARN_ABOUT_RETURN_TYPE = YES_ERROR;
				GCC_WARN_UNDECLARED_SELECTOR = YES;
				GCC_WARN_UNINITIALIZED_AUTOS = YES_AGGRESSIVE;
				GCC_WARN_UNUSED_FUNCTION = YES;
				GCC_WARN_UNUSED_VARIABLE = YES;
				IPHONEOS_DEPLOYMENT_TARGET = 16.4;
				MTL_ENABLE_DEBUG_INFO = INCLUDE_SOURCE;
				MTL_FAST_MATH = YES;
				ONLY_ACTIVE_ARCH = YES;
				SDKROOT = iphoneos;
				SWIFT_ACTIVE_COMPILATION_CONDITIONS = DEBUG;
				SWIFT_OPTIMIZATION_LEVEL = "-Onone";
			};
			name = Debug;
		};
		07FDCB632A0EBB4100EF9C75 /* Release */ = {
			isa = XCBuildConfiguration;
			buildSettings = {
				ALWAYS_SEARCH_USER_PATHS = NO;
				CLANG_ANALYZER_NONNULL = YES;
				CLANG_ANALYZER_NUMBER_OBJECT_CONVERSION = YES_AGGRESSIVE;
				CLANG_CXX_LANGUAGE_STANDARD = "gnu++20";
				CLANG_ENABLE_MODULES = YES;
				CLANG_ENABLE_OBJC_ARC = YES;
				CLANG_ENABLE_OBJC_WEAK = YES;
				CLANG_WARN_BLOCK_CAPTURE_AUTORELEASING = YES;
				CLANG_WARN_BOOL_CONVERSION = YES;
				CLANG_WARN_COMMA = YES;
				CLANG_WARN_CONSTANT_CONVERSION = YES;
				CLANG_WARN_DEPRECATED_OBJC_IMPLEMENTATIONS = YES;
				CLANG_WARN_DIRECT_OBJC_ISA_USAGE = YES_ERROR;
				CLANG_WARN_DOCUMENTATION_COMMENTS = YES;
				CLANG_WARN_EMPTY_BODY = YES;
				CLANG_WARN_ENUM_CONVERSION = YES;
				CLANG_WARN_INFINITE_RECURSION = YES;
				CLANG_WARN_INT_CONVERSION = YES;
				CLANG_WARN_NON_LITERAL_NULL_CONVERSION = YES;
				CLANG_WARN_OBJC_IMPLICIT_RETAIN_SELF = YES;
				CLANG_WARN_OBJC_LITERAL_CONVERSION = YES;
				CLANG_WARN_OBJC_ROOT_CLASS = YES_ERROR;
				CLANG_WARN_QUOTED_INCLUDE_IN_FRAMEWORK_HEADER = YES;
				CLANG_WARN_RANGE_LOOP_ANALYSIS = YES;
				CLANG_WARN_STRICT_PROTOTYPES = YES;
				CLANG_WARN_SUSPICIOUS_MOVE = YES;
				CLANG_WARN_UNGUARDED_AVAILABILITY = YES_AGGRESSIVE;
				CLANG_WARN_UNREACHABLE_CODE = YES;
				CLANG_WARN__DUPLICATE_METHOD_MATCH = YES;
				COPY_PHASE_STRIP = NO;
				DEBUG_INFORMATION_FORMAT = "dwarf-with-dsym";
				ENABLE_NS_ASSERTIONS = NO;
				ENABLE_STRICT_OBJC_MSGSEND = YES;
				GCC_C_LANGUAGE_STANDARD = gnu11;
				GCC_NO_COMMON_BLOCKS = YES;
				GCC_WARN_64_TO_32_BIT_CONVERSION = YES;
				GCC_WARN_ABOUT_RETURN_TYPE = YES_ERROR;
				GCC_WARN_UNDECLARED_SELECTOR = YES;
				GCC_WARN_UNINITIALIZED_AUTOS = YES_AGGRESSIVE;
				GCC_WARN_UNUSED_FUNCTION = YES;
				GCC_WARN_UNUSED_VARIABLE = YES;
				IPHONEOS_DEPLOYMENT_TARGET = 16.4;
				MTL_ENABLE_DEBUG_INFO = NO;
				MTL_FAST_MATH = YES;
				SDKROOT = iphoneos;
				SWIFT_COMPILATION_MODE = wholemodule;
				SWIFT_OPTIMIZATION_LEVEL = "-O";
				VALIDATE_PRODUCT = YES;
			};
			name = Release;
		};
		07FDCB652A0EBB4100EF9C75 /* Debug */ = {
			isa = XCBuildConfiguration;
			buildSettings = {
				ASSETCATALOG_COMPILER_APPICON_NAME = AppIcon;
				ASSETCATALOG_COMPILER_GLOBAL_ACCENT_COLOR_NAME = AccentColor;
				CODE_SIGN_STYLE = Automatic;
				CURRENT_PROJECT_VERSION = 1;
				DEVELOPMENT_ASSET_PATHS = "";
				DEVELOPMENT_TEAM = Z45KXL7DNG;
				ENABLE_PREVIEWS = YES;
				GENERATE_INFOPLIST_FILE = YES;
				INFOPLIST_FILE = "Lift-Tracker/Info.plist";
				INFOPLIST_KEY_UIApplicationSupportsIndirectInputEvents = YES;
				INFOPLIST_KEY_UILaunchScreen_Generation = YES;
				INFOPLIST_KEY_UISupportedInterfaceOrientations_iPad = "UIInterfaceOrientationPortrait UIInterfaceOrientationPortraitUpsideDown UIInterfaceOrientationLandscapeLeft UIInterfaceOrientationLandscapeRight";
				INFOPLIST_KEY_UISupportedInterfaceOrientations_iPhone = "UIInterfaceOrientationPortrait UIInterfaceOrientationLandscapeLeft UIInterfaceOrientationLandscapeRight";
				LD_RUNPATH_SEARCH_PATHS = (
					"$(inherited)",
					"@executable_path/Frameworks",
				);
				MARKETING_VERSION = 1.0;
				PRODUCT_BUNDLE_IDENTIFIER = "com.dominicdanborn.Lift-Tracker";
				PRODUCT_NAME = "$(TARGET_NAME)";
				SWIFT_EMIT_LOC_STRINGS = YES;
				SWIFT_VERSION = 5.0;
				TARGETED_DEVICE_FAMILY = "1,2";
			};
			name = Debug;
		};
		07FDCB662A0EBB4100EF9C75 /* Release */ = {
			isa = XCBuildConfiguration;
			buildSettings = {
				ASSETCATALOG_COMPILER_APPICON_NAME = AppIcon;
				ASSETCATALOG_COMPILER_GLOBAL_ACCENT_COLOR_NAME = AccentColor;
				CODE_SIGN_STYLE = Automatic;
				CURRENT_PROJECT_VERSION = 1;
				DEVELOPMENT_ASSET_PATHS = "";
				DEVELOPMENT_TEAM = Z45KXL7DNG;
				ENABLE_PREVIEWS = YES;
				GENERATE_INFOPLIST_FILE = YES;
				INFOPLIST_FILE = "Lift-Tracker/Info.plist";
				INFOPLIST_KEY_UIApplicationSupportsIndirectInputEvents = YES;
				INFOPLIST_KEY_UILaunchScreen_Generation = YES;
				INFOPLIST_KEY_UISupportedInterfaceOrientations_iPad = "UIInterfaceOrientationPortrait UIInterfaceOrientationPortraitUpsideDown UIInterfaceOrientationLandscapeLeft UIInterfaceOrientationLandscapeRight";
				INFOPLIST_KEY_UISupportedInterfaceOrientations_iPhone = "UIInterfaceOrientationPortrait UIInterfaceOrientationLandscapeLeft UIInterfaceOrientationLandscapeRight";
				LD_RUNPATH_SEARCH_PATHS = (
					"$(inherited)",
					"@executable_path/Frameworks",
				);
				MARKETING_VERSION = 1.0;
				PRODUCT_BUNDLE_IDENTIFIER = "com.dominicdanborn.Lift-Tracker";
				PRODUCT_NAME = "$(TARGET_NAME)";
				SWIFT_EMIT_LOC_STRINGS = YES;
				SWIFT_VERSION = 5.0;
				TARGETED_DEVICE_FAMILY = "1,2";
			};
			name = Release;
		};
/* End XCBuildConfiguration section */

/* Begin XCConfigurationList section */
		07FDCB4C2A0EBB3F00EF9C75 /* Build configuration list for PBXProject "Lift-Tracker" */ = {
			isa = XCConfigurationList;
			buildConfigurations = (
				07FDCB622A0EBB4100EF9C75 /* Debug */,
				07FDCB632A0EBB4100EF9C75 /* Release */,
			);
			defaultConfigurationIsVisible = 0;
			defaultConfigurationName = Release;
		};
		07FDCB642A0EBB4100EF9C75 /* Build configuration list for PBXNativeTarget "Lift-Tracker" */ = {
			isa = XCConfigurationList;
			buildConfigurations = (
				07FDCB652A0EBB4100EF9C75 /* Debug */,
				07FDCB662A0EBB4100EF9C75 /* Release */,
			);
			defaultConfigurationIsVisible = 0;
			defaultConfigurationName = Release;
		};
/* End XCConfigurationList section */

/* Begin XCVersionGroup section */
		07FDCB5F2A0EBB4100EF9C75 /* Lift_Tracker.xcdatamodeld */ = {
			isa = XCVersionGroup;
			children = (
				07FDCB602A0EBB4100EF9C75 /* Lift_Tracker.xcdatamodel */,
			);
			currentVersion = 07FDCB602A0EBB4100EF9C75 /* Lift_Tracker.xcdatamodel */;
			path = Lift_Tracker.xcdatamodeld;
			sourceTree = "<group>";
			versionGroupType = wrapper.xcdatamodel;
		};
/* End XCVersionGroup section */
	};
	rootObject = 07FDCB492A0EBB3F00EF9C75 /* Project object */;
}
