// !$*UTF8*$!
{
	archiveVersion = 1;
	classes = {
	};
	objectVersion = 56;
	objects = {

/* Begin PBXBuildFile section */
		0701292F2B73D7A500EFF73A /* ExercisesRepository.swift in Sources */ = {isa = PBXBuildFile; fileRef = 0701292E2B73D7A500EFF73A /* ExercisesRepository.swift */; };
		070129312B7599F600EFF73A /* ExerciseInteractor.swift in Sources */ = {isa = PBXBuildFile; fileRef = 070129302B7599F600EFF73A /* ExerciseInteractor.swift */; };
		0728FAF02B7074CE008E6FE5 /* RoutineDetailView.swift in Sources */ = {isa = PBXBuildFile; fileRef = 0728FAEF2B7074CE008E6FE5 /* RoutineDetailView.swift */; };
		0733C3702B9A3B9C00856E70 /* ExercisesRepositoryTests.swift in Sources */ = {isa = PBXBuildFile; fileRef = 0733C36F2B9A3B9C00856E70 /* ExercisesRepositoryTests.swift */; };
		0733C3722B9A519D00856E70 /* PersistenceProtocols.swift in Sources */ = {isa = PBXBuildFile; fileRef = 0733C3712B9A519D00856E70 /* PersistenceProtocols.swift */; };
		0733C3782B9A544700856E70 /* RepositoryProtocols.swift in Sources */ = {isa = PBXBuildFile; fileRef = 0733C3772B9A544700856E70 /* RepositoryProtocols.swift */; };
		0733C37A2B9A550D00856E70 /* InteractorProtocols.swift in Sources */ = {isa = PBXBuildFile; fileRef = 0733C3792B9A550D00856E70 /* InteractorProtocols.swift */; };
		0733C37C2B9A644400856E70 /* SystemProtocols.swift in Sources */ = {isa = PBXBuildFile; fileRef = 0733C37B2B9A644400856E70 /* SystemProtocols.swift */; };
		0733C37E2B9A67F000856E70 /* CoreDataStackTests.swift in Sources */ = {isa = PBXBuildFile; fileRef = 0733C37D2B9A67F000856E70 /* CoreDataStackTests.swift */; };
		0733C3802B9B4D9000856E70 /* RoutineInteractorTests.swift in Sources */ = {isa = PBXBuildFile; fileRef = 0733C37F2B9B4D9000856E70 /* RoutineInteractorTests.swift */; };
		0733C3822B9BEC5300856E70 /* ExerciseInteractorTests.swift in Sources */ = {isa = PBXBuildFile; fileRef = 0733C3812B9BEC5300856E70 /* ExerciseInteractorTests.swift */; };
		0733C3842B9BECCD00856E70 /* MockedExerciseRepository.swift in Sources */ = {isa = PBXBuildFile; fileRef = 0733C3832B9BECCD00856E70 /* MockedExerciseRepository.swift */; };
		075461752B8D39A70063CE03 /* Mock.swift in Sources */ = {isa = PBXBuildFile; fileRef = 075461662B8BEEFE0063CE03 /* Mock.swift */; };
		0754617A2B8D3C760063CE03 /* MockedRoutinesRepository.swift in Sources */ = {isa = PBXBuildFile; fileRef = 075461792B8D3C760063CE03 /* MockedRoutinesRepository.swift */; };
		075ADE1F2B8E65D80097280B /* TestHelpers.swift in Sources */ = {isa = PBXBuildFile; fileRef = 075ADE1E2B8E65D80097280B /* TestHelpers.swift */; };
		075ADE212B8E82090097280B /* MockedPersistentStore.swift in Sources */ = {isa = PBXBuildFile; fileRef = 075ADE202B8E82090097280B /* MockedPersistentStore.swift */; };
		076ACFE72A2BC9020002D89B /* Loadable.swift in Sources */ = {isa = PBXBuildFile; fileRef = 076ACFE62A2BC9020002D89B /* Loadable.swift */; };
		076ACFE92A2BC9100002D89B /* CancelBag.swift in Sources */ = {isa = PBXBuildFile; fileRef = 076ACFE82A2BC9100002D89B /* CancelBag.swift */; };
		0777D1712A6B19B6005A0A05 /* MockData.swift in Sources */ = {isa = PBXBuildFile; fileRef = 0777D1702A6B19B6005A0A05 /* MockData.swift */; };
		0777D1732A6B4FA8005A0A05 /* HomeView.swift in Sources */ = {isa = PBXBuildFile; fileRef = 0777D1722A6B4FA8005A0A05 /* HomeView.swift */; };
		0777D1752A6B4FCE005A0A05 /* SettingsView.swift in Sources */ = {isa = PBXBuildFile; fileRef = 0777D1742A6B4FCE005A0A05 /* SettingsView.swift */; };
		0777D1772A6B5006005A0A05 /* ExercisesView.swift in Sources */ = {isa = PBXBuildFile; fileRef = 0777D1762A6B5006005A0A05 /* ExercisesView.swift */; };
		0777D1792A6B5013005A0A05 /* ProgressView.swift in Sources */ = {isa = PBXBuildFile; fileRef = 0777D1782A6B5013005A0A05 /* ProgressView.swift */; };
		0787B6132B9F52450082181A /* LoadableTests.swift in Sources */ = {isa = PBXBuildFile; fileRef = 0787B6122B9F52450082181A /* LoadableTests.swift */; };
		0796CCC32BA93843007C74EF /* SuperTextFieldView.swift in Sources */ = {isa = PBXBuildFile; fileRef = 0796CCC22BA93843007C74EF /* SuperTextFieldView.swift */; };
		0796CCC72BAA3458007C74EF /* BodyPartPicker.swift in Sources */ = {isa = PBXBuildFile; fileRef = 0796CCC62BAA3458007C74EF /* BodyPartPicker.swift */; };
		0796CCC92BAB2B88007C74EF /* CategoryPicker.swift in Sources */ = {isa = PBXBuildFile; fileRef = 0796CCC82BAB2B88007C74EF /* CategoryPicker.swift */; };
		0796CCCB2BAB5096007C74EF /* StyledDropdownButton.swift in Sources */ = {isa = PBXBuildFile; fileRef = 0796CCCA2BAB5096007C74EF /* StyledDropdownButton.swift */; };
		0796CCCD2BADAB9D007C74EF /* AddExerciseView.swift in Sources */ = {isa = PBXBuildFile; fileRef = 0796CCCC2BADAB9D007C74EF /* AddExerciseView.swift */; };
		0796CCD12BADB75F007C74EF /* StyledTextView.swift in Sources */ = {isa = PBXBuildFile; fileRef = 0796CCD02BADB75F007C74EF /* StyledTextView.swift */; };
		0796F26F2B9126B700FC81F8 /* MockedInteractors.swift in Sources */ = {isa = PBXBuildFile; fileRef = 0796F26E2B9126B700FC81F8 /* MockedInteractors.swift */; };
		0796F2712B92131800FC81F8 /* MockedSystemEventsHandler.swift in Sources */ = {isa = PBXBuildFile; fileRef = 0796F2702B92131800FC81F8 /* MockedSystemEventsHandler.swift */; };
		0796F2732B921B2E00FC81F8 /* RoutinesRepositoryTests.swift in Sources */ = {isa = PBXBuildFile; fileRef = 0796F2722B921B2E00FC81F8 /* RoutinesRepositoryTests.swift */; };
		0796F2752B92A13800FC81F8 /* MockData.swift in Sources */ = {isa = PBXBuildFile; fileRef = 0796F2742B92A13800FC81F8 /* MockData.swift */; };
		07A6C3ED2A229624008F87CB /* RootViewModifier.swift in Sources */ = {isa = PBXBuildFile; fileRef = 07A6C3EC2A229624008F87CB /* RootViewModifier.swift */; };
		07A6C3EF2A2296F7008F87CB /* RoutinesView.swift in Sources */ = {isa = PBXBuildFile; fileRef = 07A6C3EE2A2296F7008F87CB /* RoutinesView.swift */; };
		07A6C3F32A257EA5008F87CB /* CoreDataHelpers.swift in Sources */ = {isa = PBXBuildFile; fileRef = 07A6C3F22A257EA5008F87CB /* CoreDataHelpers.swift */; };
		07A6C3F52A26D04C008F87CB /* Store.swift in Sources */ = {isa = PBXBuildFile; fileRef = 07A6C3F42A26D04C008F87CB /* Store.swift */; };
		07C32AF32A33A8D900219776 /* ErrorView.swift in Sources */ = {isa = PBXBuildFile; fileRef = 07C32AF22A33A8D900219776 /* ErrorView.swift */; };
		07C32AF52A33A95100219776 /* ActivityIndicatorView.swift in Sources */ = {isa = PBXBuildFile; fileRef = 07C32AF42A33A95100219776 /* ActivityIndicatorView.swift */; };
		07C32AF72A33B38900219776 /* AppDelegate.swift in Sources */ = {isa = PBXBuildFile; fileRef = 07C32AF62A33B38900219776 /* AppDelegate.swift */; };
		07C32AF92A33B6C200219776 /* SceneDelegate.swift in Sources */ = {isa = PBXBuildFile; fileRef = 07C32AF82A33B6C200219776 /* SceneDelegate.swift */; };
		07C32AFB2A33B97400219776 /* AppEnvironment.swift in Sources */ = {isa = PBXBuildFile; fileRef = 07C32AFA2A33B97400219776 /* AppEnvironment.swift */; };
		07C32AFD2A39507A00219776 /* SystemEventsHandler.swift in Sources */ = {isa = PBXBuildFile; fileRef = 07C32AFC2A39507A00219776 /* SystemEventsHandler.swift */; };
		07C32B002A3D06FB00219776 /* AddRoutineView.swift in Sources */ = {isa = PBXBuildFile; fileRef = 07C32AFF2A3D06FB00219776 /* AddRoutineView.swift */; };
		07C32B022A464B7C00219776 /* Helpers.swift in Sources */ = {isa = PBXBuildFile; fileRef = 07C32B012A464B7C00219776 /* Helpers.swift */; };
		07E35EDA2BA4F7F20066A56B /* Colors.swift in Sources */ = {isa = PBXBuildFile; fileRef = 07E35ED92BA4F7F20066A56B /* Colors.swift */; };
		07E35EDD2BA8D0A60066A56B /* TabBarModifier.swift in Sources */ = {isa = PBXBuildFile; fileRef = 07E35EDC2BA8D0A60066A56B /* TabBarModifier.swift */; };
		07FDCB572A0EBB3F00EF9C75 /* ContentView.swift in Sources */ = {isa = PBXBuildFile; fileRef = 07FDCB562A0EBB3F00EF9C75 /* ContentView.swift */; };
		07FDCB592A0EBB4100EF9C75 /* Assets.xcassets in Resources */ = {isa = PBXBuildFile; fileRef = 07FDCB582A0EBB4100EF9C75 /* Assets.xcassets */; };
		07FDCB5C2A0EBB4100EF9C75 /* Preview Assets.xcassets in Resources */ = {isa = PBXBuildFile; fileRef = 07FDCB5B2A0EBB4100EF9C75 /* Preview Assets.xcassets */; };
		07FDCB612A0EBB4100EF9C75 /* Lift_Tracker.xcdatamodeld in Sources */ = {isa = PBXBuildFile; fileRef = 07FDCB5F2A0EBB4100EF9C75 /* Lift_Tracker.xcdatamodeld */; };
		07FDCB742A0ED14400EF9C75 /* AppState.swift in Sources */ = {isa = PBXBuildFile; fileRef = 07FDCB732A0ED14400EF9C75 /* AppState.swift */; };
		07FDCB762A0ED24000EF9C75 /* InteractorsContainer.swift in Sources */ = {isa = PBXBuildFile; fileRef = 07FDCB752A0ED24000EF9C75 /* InteractorsContainer.swift */; };
		07FDCB782A0ED2BC00EF9C75 /* DependencyInjector.swift in Sources */ = {isa = PBXBuildFile; fileRef = 07FDCB772A0ED2BC00EF9C75 /* DependencyInjector.swift */; };
		07FDCB7C2A0F01D500EF9C75 /* RoutinesRepository.swift in Sources */ = {isa = PBXBuildFile; fileRef = 07FDCB7B2A0F01D500EF9C75 /* RoutinesRepository.swift */; };
		07FDCB7E2A0F041D00EF9C75 /* RoutineInteractor.swift in Sources */ = {isa = PBXBuildFile; fileRef = 07FDCB7D2A0F041D00EF9C75 /* RoutineInteractor.swift */; };
		07FDCB802A0FE9F400EF9C75 /* Models.swift in Sources */ = {isa = PBXBuildFile; fileRef = 07FDCB7F2A0FE9F400EF9C75 /* Models.swift */; };
		07FDCB822A0FEA0500EF9C75 /* Models+CoreData.swift in Sources */ = {isa = PBXBuildFile; fileRef = 07FDCB812A0FEA0500EF9C75 /* Models+CoreData.swift */; };
		07FDCB842A17F08900EF9C75 /* CoreDataStack.swift in Sources */ = {isa = PBXBuildFile; fileRef = 07FDCB832A17F08900EF9C75 /* CoreDataStack.swift */; };
/* End PBXBuildFile section */

/* Begin PBXContainerItemProxy section */
		075461702B8D392E0063CE03 /* PBXContainerItemProxy */ = {
			isa = PBXContainerItemProxy;
			containerPortal = 07FDCB492A0EBB3F00EF9C75 /* Project object */;
			proxyType = 1;
			remoteGlobalIDString = 07FDCB502A0EBB3F00EF9C75;
			remoteInfo = "Lift-Tracker";
		};
/* End PBXContainerItemProxy section */

/* Begin PBXFileReference section */
		0701292E2B73D7A500EFF73A /* ExercisesRepository.swift */ = {isa = PBXFileReference; lastKnownFileType = sourcecode.swift; path = ExercisesRepository.swift; sourceTree = "<group>"; };
		070129302B7599F600EFF73A /* ExerciseInteractor.swift */ = {isa = PBXFileReference; lastKnownFileType = sourcecode.swift; path = ExerciseInteractor.swift; sourceTree = "<group>"; };
		0728FAEF2B7074CE008E6FE5 /* RoutineDetailView.swift */ = {isa = PBXFileReference; lastKnownFileType = sourcecode.swift; path = RoutineDetailView.swift; sourceTree = "<group>"; };
		0733C36F2B9A3B9C00856E70 /* ExercisesRepositoryTests.swift */ = {isa = PBXFileReference; lastKnownFileType = sourcecode.swift; path = ExercisesRepositoryTests.swift; sourceTree = "<group>"; };
		0733C3712B9A519D00856E70 /* PersistenceProtocols.swift */ = {isa = PBXFileReference; lastKnownFileType = sourcecode.swift; path = PersistenceProtocols.swift; sourceTree = "<group>"; };
		0733C3772B9A544700856E70 /* RepositoryProtocols.swift */ = {isa = PBXFileReference; lastKnownFileType = sourcecode.swift; path = RepositoryProtocols.swift; sourceTree = "<group>"; };
		0733C3792B9A550D00856E70 /* InteractorProtocols.swift */ = {isa = PBXFileReference; lastKnownFileType = sourcecode.swift; path = InteractorProtocols.swift; sourceTree = "<group>"; };
		0733C37B2B9A644400856E70 /* SystemProtocols.swift */ = {isa = PBXFileReference; lastKnownFileType = sourcecode.swift; path = SystemProtocols.swift; sourceTree = "<group>"; };
		0733C37D2B9A67F000856E70 /* CoreDataStackTests.swift */ = {isa = PBXFileReference; lastKnownFileType = sourcecode.swift; path = CoreDataStackTests.swift; sourceTree = "<group>"; };
		0733C37F2B9B4D9000856E70 /* RoutineInteractorTests.swift */ = {isa = PBXFileReference; lastKnownFileType = sourcecode.swift; path = RoutineInteractorTests.swift; sourceTree = "<group>"; };
		0733C3812B9BEC5300856E70 /* ExerciseInteractorTests.swift */ = {isa = PBXFileReference; lastKnownFileType = sourcecode.swift; path = ExerciseInteractorTests.swift; sourceTree = "<group>"; };
		0733C3832B9BECCD00856E70 /* MockedExerciseRepository.swift */ = {isa = PBXFileReference; lastKnownFileType = sourcecode.swift; path = MockedExerciseRepository.swift; sourceTree = "<group>"; };
		075461662B8BEEFE0063CE03 /* Mock.swift */ = {isa = PBXFileReference; lastKnownFileType = sourcecode.swift; path = Mock.swift; sourceTree = "<group>"; };
		0754616C2B8D392E0063CE03 /* UnitTests.xctest */ = {isa = PBXFileReference; explicitFileType = wrapper.cfbundle; includeInIndex = 0; path = UnitTests.xctest; sourceTree = BUILT_PRODUCTS_DIR; };
		075461792B8D3C760063CE03 /* MockedRoutinesRepository.swift */ = {isa = PBXFileReference; lastKnownFileType = sourcecode.swift; path = MockedRoutinesRepository.swift; sourceTree = "<group>"; };
		075ADE1E2B8E65D80097280B /* TestHelpers.swift */ = {isa = PBXFileReference; lastKnownFileType = sourcecode.swift; path = TestHelpers.swift; sourceTree = "<group>"; };
		075ADE202B8E82090097280B /* MockedPersistentStore.swift */ = {isa = PBXFileReference; lastKnownFileType = sourcecode.swift; path = MockedPersistentStore.swift; sourceTree = "<group>"; };
		076ACFE62A2BC9020002D89B /* Loadable.swift */ = {isa = PBXFileReference; lastKnownFileType = sourcecode.swift; path = Loadable.swift; sourceTree = "<group>"; };
		076ACFE82A2BC9100002D89B /* CancelBag.swift */ = {isa = PBXFileReference; lastKnownFileType = sourcecode.swift; path = CancelBag.swift; sourceTree = "<group>"; };
		0777D1702A6B19B6005A0A05 /* MockData.swift */ = {isa = PBXFileReference; lastKnownFileType = sourcecode.swift; path = MockData.swift; sourceTree = "<group>"; };
		0777D1722A6B4FA8005A0A05 /* HomeView.swift */ = {isa = PBXFileReference; lastKnownFileType = sourcecode.swift; path = HomeView.swift; sourceTree = "<group>"; };
		0777D1742A6B4FCE005A0A05 /* SettingsView.swift */ = {isa = PBXFileReference; lastKnownFileType = sourcecode.swift; path = SettingsView.swift; sourceTree = "<group>"; };
		0777D1762A6B5006005A0A05 /* ExercisesView.swift */ = {isa = PBXFileReference; lastKnownFileType = sourcecode.swift; path = ExercisesView.swift; sourceTree = "<group>"; };
		0777D1782A6B5013005A0A05 /* ProgressView.swift */ = {isa = PBXFileReference; lastKnownFileType = sourcecode.swift; path = ProgressView.swift; sourceTree = "<group>"; };
		0787B6122B9F52450082181A /* LoadableTests.swift */ = {isa = PBXFileReference; lastKnownFileType = sourcecode.swift; path = LoadableTests.swift; sourceTree = "<group>"; };
		0796CCC22BA93843007C74EF /* SuperTextFieldView.swift */ = {isa = PBXFileReference; lastKnownFileType = sourcecode.swift; path = SuperTextFieldView.swift; sourceTree = "<group>"; };
		0796CCC62BAA3458007C74EF /* BodyPartPicker.swift */ = {isa = PBXFileReference; lastKnownFileType = sourcecode.swift; path = BodyPartPicker.swift; sourceTree = "<group>"; };
		0796CCC82BAB2B88007C74EF /* CategoryPicker.swift */ = {isa = PBXFileReference; lastKnownFileType = sourcecode.swift; path = CategoryPicker.swift; sourceTree = "<group>"; };
		0796CCCA2BAB5096007C74EF /* StyledDropdownButton.swift */ = {isa = PBXFileReference; lastKnownFileType = sourcecode.swift; path = StyledDropdownButton.swift; sourceTree = "<group>"; };
		0796CCCC2BADAB9D007C74EF /* AddExerciseView.swift */ = {isa = PBXFileReference; lastKnownFileType = sourcecode.swift; path = AddExerciseView.swift; sourceTree = "<group>"; };
		0796CCD02BADB75F007C74EF /* StyledTextView.swift */ = {isa = PBXFileReference; lastKnownFileType = sourcecode.swift; path = StyledTextView.swift; sourceTree = "<group>"; };
		0796F26E2B9126B700FC81F8 /* MockedInteractors.swift */ = {isa = PBXFileReference; lastKnownFileType = sourcecode.swift; path = MockedInteractors.swift; sourceTree = "<group>"; };
		0796F2702B92131800FC81F8 /* MockedSystemEventsHandler.swift */ = {isa = PBXFileReference; lastKnownFileType = sourcecode.swift; path = MockedSystemEventsHandler.swift; sourceTree = "<group>"; };
		0796F2722B921B2E00FC81F8 /* RoutinesRepositoryTests.swift */ = {isa = PBXFileReference; lastKnownFileType = sourcecode.swift; path = RoutinesRepositoryTests.swift; sourceTree = "<group>"; };
		0796F2742B92A13800FC81F8 /* MockData.swift */ = {isa = PBXFileReference; lastKnownFileType = sourcecode.swift; path = MockData.swift; sourceTree = "<group>"; };
		07A6C3EC2A229624008F87CB /* RootViewModifier.swift */ = {isa = PBXFileReference; lastKnownFileType = sourcecode.swift; path = RootViewModifier.swift; sourceTree = "<group>"; };
		07A6C3EE2A2296F7008F87CB /* RoutinesView.swift */ = {isa = PBXFileReference; lastKnownFileType = sourcecode.swift; path = RoutinesView.swift; sourceTree = "<group>"; };
		07A6C3F22A257EA5008F87CB /* CoreDataHelpers.swift */ = {isa = PBXFileReference; lastKnownFileType = sourcecode.swift; path = CoreDataHelpers.swift; sourceTree = "<group>"; };
		07A6C3F42A26D04C008F87CB /* Store.swift */ = {isa = PBXFileReference; lastKnownFileType = sourcecode.swift; path = Store.swift; sourceTree = "<group>"; };
		07C32AF22A33A8D900219776 /* ErrorView.swift */ = {isa = PBXFileReference; lastKnownFileType = sourcecode.swift; path = ErrorView.swift; sourceTree = "<group>"; };
		07C32AF42A33A95100219776 /* ActivityIndicatorView.swift */ = {isa = PBXFileReference; lastKnownFileType = sourcecode.swift; path = ActivityIndicatorView.swift; sourceTree = "<group>"; };
		07C32AF62A33B38900219776 /* AppDelegate.swift */ = {isa = PBXFileReference; lastKnownFileType = sourcecode.swift; path = AppDelegate.swift; sourceTree = "<group>"; };
		07C32AF82A33B6C200219776 /* SceneDelegate.swift */ = {isa = PBXFileReference; lastKnownFileType = sourcecode.swift; path = SceneDelegate.swift; sourceTree = "<group>"; };
		07C32AFA2A33B97400219776 /* AppEnvironment.swift */ = {isa = PBXFileReference; lastKnownFileType = sourcecode.swift; path = AppEnvironment.swift; sourceTree = "<group>"; };
		07C32AFC2A39507A00219776 /* SystemEventsHandler.swift */ = {isa = PBXFileReference; lastKnownFileType = sourcecode.swift; path = SystemEventsHandler.swift; sourceTree = "<group>"; };
		07C32AFE2A3D01F600219776 /* Info.plist */ = {isa = PBXFileReference; lastKnownFileType = text.plist; path = Info.plist; sourceTree = "<group>"; };
		07C32AFF2A3D06FB00219776 /* AddRoutineView.swift */ = {isa = PBXFileReference; lastKnownFileType = sourcecode.swift; path = AddRoutineView.swift; sourceTree = "<group>"; };
		07C32B012A464B7C00219776 /* Helpers.swift */ = {isa = PBXFileReference; lastKnownFileType = sourcecode.swift; path = Helpers.swift; sourceTree = "<group>"; };
		07E35ED92BA4F7F20066A56B /* Colors.swift */ = {isa = PBXFileReference; lastKnownFileType = sourcecode.swift; path = Colors.swift; sourceTree = "<group>"; };
		07E35EDC2BA8D0A60066A56B /* TabBarModifier.swift */ = {isa = PBXFileReference; lastKnownFileType = sourcecode.swift; path = TabBarModifier.swift; sourceTree = "<group>"; };
		07FDCB512A0EBB3F00EF9C75 /* Lift-Tracker.app */ = {isa = PBXFileReference; explicitFileType = wrapper.application; includeInIndex = 0; path = "Lift-Tracker.app"; sourceTree = BUILT_PRODUCTS_DIR; };
		07FDCB562A0EBB3F00EF9C75 /* ContentView.swift */ = {isa = PBXFileReference; lastKnownFileType = sourcecode.swift; path = ContentView.swift; sourceTree = "<group>"; };
		07FDCB582A0EBB4100EF9C75 /* Assets.xcassets */ = {isa = PBXFileReference; lastKnownFileType = folder.assetcatalog; path = Assets.xcassets; sourceTree = "<group>"; };
		07FDCB5B2A0EBB4100EF9C75 /* Preview Assets.xcassets */ = {isa = PBXFileReference; lastKnownFileType = folder.assetcatalog; path = "Preview Assets.xcassets"; sourceTree = "<group>"; };
		07FDCB602A0EBB4100EF9C75 /* Lift_Tracker.xcdatamodel */ = {isa = PBXFileReference; lastKnownFileType = wrapper.xcdatamodel; path = Lift_Tracker.xcdatamodel; sourceTree = "<group>"; };
		07FDCB732A0ED14400EF9C75 /* AppState.swift */ = {isa = PBXFileReference; lastKnownFileType = sourcecode.swift; path = AppState.swift; sourceTree = "<group>"; };
		07FDCB752A0ED24000EF9C75 /* InteractorsContainer.swift */ = {isa = PBXFileReference; lastKnownFileType = sourcecode.swift; path = InteractorsContainer.swift; sourceTree = "<group>"; };
		07FDCB772A0ED2BC00EF9C75 /* DependencyInjector.swift */ = {isa = PBXFileReference; lastKnownFileType = sourcecode.swift; path = DependencyInjector.swift; sourceTree = "<group>"; };
		07FDCB7B2A0F01D500EF9C75 /* RoutinesRepository.swift */ = {isa = PBXFileReference; lastKnownFileType = sourcecode.swift; path = RoutinesRepository.swift; sourceTree = "<group>"; };
		07FDCB7D2A0F041D00EF9C75 /* RoutineInteractor.swift */ = {isa = PBXFileReference; lastKnownFileType = sourcecode.swift; path = RoutineInteractor.swift; sourceTree = "<group>"; };
		07FDCB7F2A0FE9F400EF9C75 /* Models.swift */ = {isa = PBXFileReference; lastKnownFileType = sourcecode.swift; path = Models.swift; sourceTree = "<group>"; };
		07FDCB812A0FEA0500EF9C75 /* Models+CoreData.swift */ = {isa = PBXFileReference; lastKnownFileType = sourcecode.swift; path = "Models+CoreData.swift"; sourceTree = "<group>"; };
		07FDCB832A17F08900EF9C75 /* CoreDataStack.swift */ = {isa = PBXFileReference; lastKnownFileType = sourcecode.swift; path = CoreDataStack.swift; sourceTree = "<group>"; };
/* End PBXFileReference section */

/* Begin PBXFrameworksBuildPhase section */
		075461692B8D392E0063CE03 /* Frameworks */ = {
			isa = PBXFrameworksBuildPhase;
			buildActionMask = 2147483647;
			files = (
			);
			runOnlyForDeploymentPostprocessing = 0;
		};
		07FDCB4E2A0EBB3F00EF9C75 /* Frameworks */ = {
			isa = PBXFrameworksBuildPhase;
			buildActionMask = 2147483647;
			files = (
			);
			runOnlyForDeploymentPostprocessing = 0;
		};
/* End PBXFrameworksBuildPhase section */

/* Begin PBXGroup section */
		070129262B717C4C00EFF73A /* Home */ = {
			isa = PBXGroup;
			children = (
				0777D1722A6B4FA8005A0A05 /* HomeView.swift */,
			);
			path = Home;
			sourceTree = "<group>";
		};
		070129272B717C5700EFF73A /* Routines */ = {
			isa = PBXGroup;
			children = (
				07A6C3EE2A2296F7008F87CB /* RoutinesView.swift */,
				07C32AFF2A3D06FB00219776 /* AddRoutineView.swift */,
				0728FAEF2B7074CE008E6FE5 /* RoutineDetailView.swift */,
			);
			path = Routines;
			sourceTree = "<group>";
		};
		070129282B717C7000EFF73A /* Exercies */ = {
			isa = PBXGroup;
			children = (
				0777D1762A6B5006005A0A05 /* ExercisesView.swift */,
				0796CCC62BAA3458007C74EF /* BodyPartPicker.swift */,
				0796CCC82BAB2B88007C74EF /* CategoryPicker.swift */,
				0796CCCA2BAB5096007C74EF /* StyledDropdownButton.swift */,
				0796CCCC2BADAB9D007C74EF /* AddExerciseView.swift */,
				0796CCD02BADB75F007C74EF /* StyledTextView.swift */,
			);
			path = Exercies;
			sourceTree = "<group>";
		};
		0701292A2B717C9600EFF73A /* Progress */ = {
			isa = PBXGroup;
			children = (
				0777D1782A6B5013005A0A05 /* ProgressView.swift */,
			);
			path = Progress;
			sourceTree = "<group>";
		};
		0701292B2B717CA200EFF73A /* More */ = {
			isa = PBXGroup;
			children = (
				0777D1742A6B4FCE005A0A05 /* SettingsView.swift */,
			);
			path = More;
			sourceTree = "<group>";
		};
		0754614C2B87D56B0063CE03 /* Presentation Layer */ = {
			isa = PBXGroup;
			children = (
				07FDCB6E2A0EC08E00EF9C75 /* UI */,
			);
			path = "Presentation Layer";
			sourceTree = "<group>";
		};
		0754614D2B87D5820063CE03 /* Business Logic Layer */ = {
			isa = PBXGroup;
			children = (
				07FDCB6C2A0EC05800EF9C75 /* Injected */,
				07FDCB692A0EBC2100EF9C75 /* Interactors */,
				07FDCB6B2A0EC03900EF9C75 /* Utilities */,
				07FDCB6A2A0EC03300EF9C75 /* System */,
			);
			path = "Business Logic Layer";
			sourceTree = "<group>";
		};
		0754614F2B87D59D0063CE03 /* Data Access Layer */ = {
			isa = PBXGroup;
			children = (
				07FDCB672A0EBBE000EF9C75 /* Models */,
				07FDCB682A0EBBFB00EF9C75 /* Persistance */,
				07FDCB6D2A0EC06A00EF9C75 /* Repositories */,
				07FDCB6F2A0EC0AA00EF9C75 /* Resources */,
			);
			path = "Data Access Layer";
			sourceTree = "<group>";
		};
		075461502B87FA2A0063CE03 /* Presentation Layer */ = {
			isa = PBXGroup;
			children = (
				075461532B87FA6A0063CE03 /* UI */,
			);
			path = "Presentation Layer";
			sourceTree = "<group>";
		};
		075461512B87FA3F0063CE03 /* Data Access Layer */ = {
			isa = PBXGroup;
			children = (
				0754615A2B87FAB60063CE03 /* Persistance */,
				075461592B87FAA90063CE03 /* Repositories */,
			);
			path = "Data Access Layer";
			sourceTree = "<group>";
		};
		075461522B87FA4F0063CE03 /* Business Logic Layer */ = {
			isa = PBXGroup;
			children = (
				075461542B87FA750063CE03 /* Injected */,
				075461572B87FA8F0063CE03 /* Interactors */,
				075461562B87FA830063CE03 /* Utilities */,
				075461552B87FA7D0063CE03 /* System */,
			);
			path = "Business Logic Layer";
			sourceTree = "<group>";
		};
		075461532B87FA6A0063CE03 /* UI */ = {
			isa = PBXGroup;
			children = (
			);
			path = UI;
			sourceTree = "<group>";
		};
		075461542B87FA750063CE03 /* Injected */ = {
			isa = PBXGroup;
			children = (
			);
			path = Injected;
			sourceTree = "<group>";
		};
		075461552B87FA7D0063CE03 /* System */ = {
			isa = PBXGroup;
			children = (
			);
			path = System;
			sourceTree = "<group>";
		};
		075461562B87FA830063CE03 /* Utilities */ = {
			isa = PBXGroup;
			children = (
				0787B6122B9F52450082181A /* LoadableTests.swift */,
			);
			path = Utilities;
			sourceTree = "<group>";
		};
		075461572B87FA8F0063CE03 /* Interactors */ = {
			isa = PBXGroup;
			children = (
				0733C37F2B9B4D9000856E70 /* RoutineInteractorTests.swift */,
				0733C3812B9BEC5300856E70 /* ExerciseInteractorTests.swift */,
			);
			path = Interactors;
			sourceTree = "<group>";
		};
		075461592B87FAA90063CE03 /* Repositories */ = {
			isa = PBXGroup;
			children = (
				0796F2722B921B2E00FC81F8 /* RoutinesRepositoryTests.swift */,
				0733C36F2B9A3B9C00856E70 /* ExercisesRepositoryTests.swift */,
			);
			path = Repositories;
			sourceTree = "<group>";
		};
		0754615A2B87FAB60063CE03 /* Persistance */ = {
			isa = PBXGroup;
			children = (
				0733C37D2B9A67F000856E70 /* CoreDataStackTests.swift */,
			);
			path = Persistance;
			sourceTree = "<group>";
		};
		0754615F2B88DE200063CE03 /* Mocks */ = {
			isa = PBXGroup;
			children = (
				075461662B8BEEFE0063CE03 /* Mock.swift */,
				075461792B8D3C760063CE03 /* MockedRoutinesRepository.swift */,
				0733C3832B9BECCD00856E70 /* MockedExerciseRepository.swift */,
				075ADE202B8E82090097280B /* MockedPersistentStore.swift */,
				0796F26E2B9126B700FC81F8 /* MockedInteractors.swift */,
				0796F2702B92131800FC81F8 /* MockedSystemEventsHandler.swift */,
				0796F2742B92A13800FC81F8 /* MockData.swift */,
			);
			path = Mocks;
			sourceTree = "<group>";
		};
		0754616D2B8D392E0063CE03 /* UnitTests */ = {
			isa = PBXGroup;
			children = (
				075461502B87FA2A0063CE03 /* Presentation Layer */,
				075461522B87FA4F0063CE03 /* Business Logic Layer */,
				075461512B87FA3F0063CE03 /* Data Access Layer */,
				0754615F2B88DE200063CE03 /* Mocks */,
				075ADE1D2B8E65B70097280B /* Helpers */,
			);
			path = UnitTests;
			sourceTree = "<group>";
		};
		075ADE1D2B8E65B70097280B /* Helpers */ = {
			isa = PBXGroup;
			children = (
				075ADE1E2B8E65D80097280B /* TestHelpers.swift */,
			);
			path = Helpers;
			sourceTree = "<group>";
		};
		07E35EDB2BA8D0850066A56B /* Resources */ = {
			isa = PBXGroup;
			children = (
				07A6C3EC2A229624008F87CB /* RootViewModifier.swift */,
				07E35EDC2BA8D0A60066A56B /* TabBarModifier.swift */,
				07E35ED92BA4F7F20066A56B /* Colors.swift */,
			);
			path = Resources;
			sourceTree = "<group>";
		};
		07FDCB482A0EBB3F00EF9C75 = {
			isa = PBXGroup;
			children = (
				07FDCB532A0EBB3F00EF9C75 /* Lift-Tracker */,
				0754616D2B8D392E0063CE03 /* UnitTests */,
				07FDCB522A0EBB3F00EF9C75 /* Products */,
			);
			sourceTree = "<group>";
		};
		07FDCB522A0EBB3F00EF9C75 /* Products */ = {
			isa = PBXGroup;
			children = (
				07FDCB512A0EBB3F00EF9C75 /* Lift-Tracker.app */,
				0754616C2B8D392E0063CE03 /* UnitTests.xctest */,
			);
			name = Products;
			sourceTree = "<group>";
		};
		07FDCB532A0EBB3F00EF9C75 /* Lift-Tracker */ = {
			isa = PBXGroup;
			children = (
				0754614C2B87D56B0063CE03 /* Presentation Layer */,
				0754614D2B87D5820063CE03 /* Business Logic Layer */,
				0754614F2B87D59D0063CE03 /* Data Access Layer */,
				07C32AFE2A3D01F600219776 /* Info.plist */,
			);
			path = "Lift-Tracker";
			sourceTree = "<group>";
		};
		07FDCB672A0EBBE000EF9C75 /* Models */ = {
			isa = PBXGroup;
			children = (
				07FDCB7F2A0FE9F400EF9C75 /* Models.swift */,
				07FDCB812A0FEA0500EF9C75 /* Models+CoreData.swift */,
				0777D1702A6B19B6005A0A05 /* MockData.swift */,
			);
			path = Models;
			sourceTree = "<group>";
		};
		07FDCB682A0EBBFB00EF9C75 /* Persistance */ = {
			isa = PBXGroup;
			children = (
				0733C3712B9A519D00856E70 /* PersistenceProtocols.swift */,
				07FDCB832A17F08900EF9C75 /* CoreDataStack.swift */,
				07A6C3F22A257EA5008F87CB /* CoreDataHelpers.swift */,
				07FDCB5F2A0EBB4100EF9C75 /* Lift_Tracker.xcdatamodeld */,
			);
			path = Persistance;
			sourceTree = "<group>";
		};
		07FDCB692A0EBC2100EF9C75 /* Interactors */ = {
			isa = PBXGroup;
			children = (
				0733C3792B9A550D00856E70 /* InteractorProtocols.swift */,
				07FDCB7D2A0F041D00EF9C75 /* RoutineInteractor.swift */,
				070129302B7599F600EFF73A /* ExerciseInteractor.swift */,
			);
			path = Interactors;
			sourceTree = "<group>";
		};
		07FDCB6A2A0EC03300EF9C75 /* System */ = {
			isa = PBXGroup;
			children = (
				07C32AF62A33B38900219776 /* AppDelegate.swift */,
				07C32AF82A33B6C200219776 /* SceneDelegate.swift */,
				07C32AFA2A33B97400219776 /* AppEnvironment.swift */,
				07C32AFC2A39507A00219776 /* SystemEventsHandler.swift */,
				0733C37B2B9A644400856E70 /* SystemProtocols.swift */,
			);
			path = System;
			sourceTree = "<group>";
		};
		07FDCB6B2A0EC03900EF9C75 /* Utilities */ = {
			isa = PBXGroup;
			children = (
				07A6C3F42A26D04C008F87CB /* Store.swift */,
				076ACFE62A2BC9020002D89B /* Loadable.swift */,
				076ACFE82A2BC9100002D89B /* CancelBag.swift */,
				07C32B012A464B7C00219776 /* Helpers.swift */,
			);
			path = Utilities;
			sourceTree = "<group>";
		};
		07FDCB6C2A0EC05800EF9C75 /* Injected */ = {
			isa = PBXGroup;
			children = (
				07FDCB732A0ED14400EF9C75 /* AppState.swift */,
				07FDCB752A0ED24000EF9C75 /* InteractorsContainer.swift */,
				07FDCB772A0ED2BC00EF9C75 /* DependencyInjector.swift */,
			);
			path = Injected;
			sourceTree = "<group>";
		};
		07FDCB6D2A0EC06A00EF9C75 /* Repositories */ = {
			isa = PBXGroup;
			children = (
				0733C3772B9A544700856E70 /* RepositoryProtocols.swift */,
				07FDCB7B2A0F01D500EF9C75 /* RoutinesRepository.swift */,
				0701292E2B73D7A500EFF73A /* ExercisesRepository.swift */,
			);
			path = Repositories;
			sourceTree = "<group>";
		};
		07FDCB6E2A0EC08E00EF9C75 /* UI */ = {
			isa = PBXGroup;
			children = (
				07E35EDB2BA8D0850066A56B /* Resources */,
				07FDCB712A0EC93600EF9C75 /* Views */,
				07FDCB722A0EC93D00EF9C75 /* Components */,
			);
			path = UI;
			sourceTree = "<group>";
		};
		07FDCB6F2A0EC0AA00EF9C75 /* Resources */ = {
			isa = PBXGroup;
			children = (
				07FDCB582A0EBB4100EF9C75 /* Assets.xcassets */,
				07FDCB5B2A0EBB4100EF9C75 /* Preview Assets.xcassets */,
			);
			path = Resources;
			sourceTree = "<group>";
		};
		07FDCB712A0EC93600EF9C75 /* Views */ = {
			isa = PBXGroup;
			children = (
				07FDCB562A0EBB3F00EF9C75 /* ContentView.swift */,
				070129262B717C4C00EFF73A /* Home */,
				070129272B717C5700EFF73A /* Routines */,
				070129282B717C7000EFF73A /* Exercies */,
				0701292A2B717C9600EFF73A /* Progress */,
				0701292B2B717CA200EFF73A /* More */,
			);
			path = Views;
			sourceTree = "<group>";
		};
		07FDCB722A0EC93D00EF9C75 /* Components */ = {
			isa = PBXGroup;
			children = (
				0796CCC22BA93843007C74EF /* SuperTextFieldView.swift */,
				07C32AF22A33A8D900219776 /* ErrorView.swift */,
				07C32AF42A33A95100219776 /* ActivityIndicatorView.swift */,
			);
			path = Components;
			sourceTree = "<group>";
		};
/* End PBXGroup section */

/* Begin PBXNativeTarget section */
		0754616B2B8D392E0063CE03 /* UnitTests */ = {
			isa = PBXNativeTarget;
			buildConfigurationList = 075461722B8D392E0063CE03 /* Build configuration list for PBXNativeTarget "UnitTests" */;
			buildPhases = (
				075461682B8D392E0063CE03 /* Sources */,
				075461692B8D392E0063CE03 /* Frameworks */,
				0754616A2B8D392E0063CE03 /* Resources */,
			);
			buildRules = (
			);
			dependencies = (
				075461712B8D392E0063CE03 /* PBXTargetDependency */,
			);
			name = UnitTests;
			productName = UnitTests;
			productReference = 0754616C2B8D392E0063CE03 /* UnitTests.xctest */;
			productType = "com.apple.product-type.bundle.unit-test";
		};
		07FDCB502A0EBB3F00EF9C75 /* Lift-Tracker */ = {
			isa = PBXNativeTarget;
			buildConfigurationList = 07FDCB642A0EBB4100EF9C75 /* Build configuration list for PBXNativeTarget "Lift-Tracker" */;
			buildPhases = (
				07FDCB4D2A0EBB3F00EF9C75 /* Sources */,
				07FDCB4E2A0EBB3F00EF9C75 /* Frameworks */,
				07FDCB4F2A0EBB3F00EF9C75 /* Resources */,
			);
			buildRules = (
			);
			dependencies = (
			);
			name = "Lift-Tracker";
			productName = "Lift-Tracker";
			productReference = 07FDCB512A0EBB3F00EF9C75 /* Lift-Tracker.app */;
			productType = "com.apple.product-type.application";
		};
/* End PBXNativeTarget section */

/* Begin PBXProject section */
		07FDCB492A0EBB3F00EF9C75 /* Project object */ = {
			isa = PBXProject;
			attributes = {
				BuildIndependentTargetsInParallel = 1;
				LastSwiftUpdateCheck = 1520;
				LastUpgradeCheck = 1430;
				TargetAttributes = {
					0754616B2B8D392E0063CE03 = {
						CreatedOnToolsVersion = 15.2;
						TestTargetID = 07FDCB502A0EBB3F00EF9C75;
					};
					07FDCB502A0EBB3F00EF9C75 = {
						CreatedOnToolsVersion = 14.3;
					};
				};
			};
			buildConfigurationList = 07FDCB4C2A0EBB3F00EF9C75 /* Build configuration list for PBXProject "Lift-Tracker" */;
			compatibilityVersion = "Xcode 14.0";
			developmentRegion = en;
			hasScannedForEncodings = 0;
			knownRegions = (
				en,
				Base,
			);
			mainGroup = 07FDCB482A0EBB3F00EF9C75;
			productRefGroup = 07FDCB522A0EBB3F00EF9C75 /* Products */;
			projectDirPath = "";
			projectRoot = "";
			targets = (
				07FDCB502A0EBB3F00EF9C75 /* Lift-Tracker */,
				0754616B2B8D392E0063CE03 /* UnitTests */,
			);
		};
/* End PBXProject section */

/* Begin PBXResourcesBuildPhase section */
		0754616A2B8D392E0063CE03 /* Resources */ = {
			isa = PBXResourcesBuildPhase;
			buildActionMask = 2147483647;
			files = (
			);
			runOnlyForDeploymentPostprocessing = 0;
		};
		07FDCB4F2A0EBB3F00EF9C75 /* Resources */ = {
			isa = PBXResourcesBuildPhase;
			buildActionMask = 2147483647;
			files = (
				07FDCB5C2A0EBB4100EF9C75 /* Preview Assets.xcassets in Resources */,
				07FDCB592A0EBB4100EF9C75 /* Assets.xcassets in Resources */,
			);
			runOnlyForDeploymentPostprocessing = 0;
		};
/* End PBXResourcesBuildPhase section */

/* Begin PBXSourcesBuildPhase section */
		075461682B8D392E0063CE03 /* Sources */ = {
			isa = PBXSourcesBuildPhase;
			buildActionMask = 2147483647;
			files = (
				0796F2712B92131800FC81F8 /* MockedSystemEventsHandler.swift in Sources */,
				0787B6132B9F52450082181A /* LoadableTests.swift in Sources */,
				075ADE212B8E82090097280B /* MockedPersistentStore.swift in Sources */,
				0733C3842B9BECCD00856E70 /* MockedExerciseRepository.swift in Sources */,
				0754617A2B8D3C760063CE03 /* MockedRoutinesRepository.swift in Sources */,
				0796F2752B92A13800FC81F8 /* MockData.swift in Sources */,
				0733C3702B9A3B9C00856E70 /* ExercisesRepositoryTests.swift in Sources */,
				0796F2732B921B2E00FC81F8 /* RoutinesRepositoryTests.swift in Sources */,
				0733C3822B9BEC5300856E70 /* ExerciseInteractorTests.swift in Sources */,
				0796F26F2B9126B700FC81F8 /* MockedInteractors.swift in Sources */,
				0733C37E2B9A67F000856E70 /* CoreDataStackTests.swift in Sources */,
				075461752B8D39A70063CE03 /* Mock.swift in Sources */,
				0733C3802B9B4D9000856E70 /* RoutineInteractorTests.swift in Sources */,
				075ADE1F2B8E65D80097280B /* TestHelpers.swift in Sources */,
			);
			runOnlyForDeploymentPostprocessing = 0;
		};
		07FDCB4D2A0EBB3F00EF9C75 /* Sources */ = {
			isa = PBXSourcesBuildPhase;
			buildActionMask = 2147483647;
			files = (
				0777D1732A6B4FA8005A0A05 /* HomeView.swift in Sources */,
				07E35EDD2BA8D0A60066A56B /* TabBarModifier.swift in Sources */,
				07A6C3F52A26D04C008F87CB /* Store.swift in Sources */,
				0796CCC32BA93843007C74EF /* SuperTextFieldView.swift in Sources */,
				0777D1772A6B5006005A0A05 /* ExercisesView.swift in Sources */,
				0796CCC92BAB2B88007C74EF /* CategoryPicker.swift in Sources */,
				07FDCB802A0FE9F400EF9C75 /* Models.swift in Sources */,
				0733C37A2B9A550D00856E70 /* InteractorProtocols.swift in Sources */,
				0777D1712A6B19B6005A0A05 /* MockData.swift in Sources */,
				0796CCC72BAA3458007C74EF /* BodyPartPicker.swift in Sources */,
				07FDCB762A0ED24000EF9C75 /* InteractorsContainer.swift in Sources */,
				07A6C3EF2A2296F7008F87CB /* RoutinesView.swift in Sources */,
				0701292F2B73D7A500EFF73A /* ExercisesRepository.swift in Sources */,
				07A6C3F32A257EA5008F87CB /* CoreDataHelpers.swift in Sources */,
				07FDCB782A0ED2BC00EF9C75 /* DependencyInjector.swift in Sources */,
				07C32AF32A33A8D900219776 /* ErrorView.swift in Sources */,
				07C32AF92A33B6C200219776 /* SceneDelegate.swift in Sources */,
				07C32AF72A33B38900219776 /* AppDelegate.swift in Sources */,
				07FDCB742A0ED14400EF9C75 /* AppState.swift in Sources */,
				076ACFE92A2BC9100002D89B /* CancelBag.swift in Sources */,
				07FDCB7C2A0F01D500EF9C75 /* RoutinesRepository.swift in Sources */,
				07C32B022A464B7C00219776 /* Helpers.swift in Sources */,
				070129312B7599F600EFF73A /* ExerciseInteractor.swift in Sources */,
				0777D1792A6B5013005A0A05 /* ProgressView.swift in Sources */,
				0733C37C2B9A644400856E70 /* SystemProtocols.swift in Sources */,
				0796CCD12BADB75F007C74EF /* StyledTextView.swift in Sources */,
				07FDCB842A17F08900EF9C75 /* CoreDataStack.swift in Sources */,
				07C32AF52A33A95100219776 /* ActivityIndicatorView.swift in Sources */,
				0733C3782B9A544700856E70 /* RepositoryProtocols.swift in Sources */,
				07FDCB822A0FEA0500EF9C75 /* Models+CoreData.swift in Sources */,
				07FDCB572A0EBB3F00EF9C75 /* ContentView.swift in Sources */,
				07FDCB7E2A0F041D00EF9C75 /* RoutineInteractor.swift in Sources */,
				0796CCCB2BAB5096007C74EF /* StyledDropdownButton.swift in Sources */,
				0728FAF02B7074CE008E6FE5 /* RoutineDetailView.swift in Sources */,
				0777D1752A6B4FCE005A0A05 /* SettingsView.swift in Sources */,
				0796CCCD2BADAB9D007C74EF /* AddExerciseView.swift in Sources */,
				076ACFE72A2BC9020002D89B /* Loadable.swift in Sources */,
				07FDCB612A0EBB4100EF9C75 /* Lift_Tracker.xcdatamodeld in Sources */,
				07E35EDA2BA4F7F20066A56B /* Colors.swift in Sources */,
				07C32AFD2A39507A00219776 /* SystemEventsHandler.swift in Sources */,
				07A6C3ED2A229624008F87CB /* RootViewModifier.swift in Sources */,
				0733C3722B9A519D00856E70 /* PersistenceProtocols.swift in Sources */,
				07C32B002A3D06FB00219776 /* AddRoutineView.swift in Sources */,
				07C32AFB2A33B97400219776 /* AppEnvironment.swift in Sources */,
			);
			runOnlyForDeploymentPostprocessing = 0;
		};
/* End PBXSourcesBuildPhase section */

/* Begin PBXTargetDependency section */
		075461712B8D392E0063CE03 /* PBXTargetDependency */ = {
			isa = PBXTargetDependency;
			target = 07FDCB502A0EBB3F00EF9C75 /* Lift-Tracker */;
			targetProxy = 075461702B8D392E0063CE03 /* PBXContainerItemProxy */;
		};
/* End PBXTargetDependency section */

/* Begin XCBuildConfiguration section */
		075461732B8D392E0063CE03 /* Debug */ = {
			isa = XCBuildConfiguration;
			buildSettings = {
				ASSETCATALOG_COMPILER_GENERATE_SWIFT_ASSET_SYMBOL_EXTENSIONS = YES;
				BUNDLE_LOADER = "$(TEST_HOST)";
				CODE_SIGN_STYLE = Automatic;
				CURRENT_PROJECT_VERSION = 1;
				DEVELOPMENT_TEAM = Z45KXL7DNG;
				ENABLE_USER_SCRIPT_SANDBOXING = YES;
				GCC_C_LANGUAGE_STANDARD = gnu17;
				GENERATE_INFOPLIST_FILE = YES;
				IPHONEOS_DEPLOYMENT_TARGET = 17.0;
				LOCALIZATION_PREFERS_STRING_CATALOGS = YES;
				MARKETING_VERSION = 1.0;
				PRODUCT_BUNDLE_IDENTIFIER = com.dominicdanborn.UnitTests;
				PRODUCT_NAME = "$(TARGET_NAME)";
				SWIFT_ACTIVE_COMPILATION_CONDITIONS = "DEBUG $(inherited)";
				SWIFT_EMIT_LOC_STRINGS = NO;
				SWIFT_VERSION = 5.0;
				TARGETED_DEVICE_FAMILY = "1,2";
				TEST_HOST = "$(BUILT_PRODUCTS_DIR)/Lift-Tracker.app/$(BUNDLE_EXECUTABLE_FOLDER_PATH)/Lift-Tracker";
			};
			name = Debug;
		};
		075461742B8D392E0063CE03 /* Release */ = {
			isa = XCBuildConfiguration;
			buildSettings = {
				ASSETCATALOG_COMPILER_GENERATE_SWIFT_ASSET_SYMBOL_EXTENSIONS = YES;
				BUNDLE_LOADER = "$(TEST_HOST)";
				CODE_SIGN_STYLE = Automatic;
				CURRENT_PROJECT_VERSION = 1;
				DEVELOPMENT_TEAM = Z45KXL7DNG;
				ENABLE_USER_SCRIPT_SANDBOXING = YES;
				GCC_C_LANGUAGE_STANDARD = gnu17;
				GENERATE_INFOPLIST_FILE = YES;
				IPHONEOS_DEPLOYMENT_TARGET = 17.0;
				LOCALIZATION_PREFERS_STRING_CATALOGS = YES;
				MARKETING_VERSION = 1.0;
				PRODUCT_BUNDLE_IDENTIFIER = com.dominicdanborn.UnitTests;
				PRODUCT_NAME = "$(TARGET_NAME)";
				SWIFT_EMIT_LOC_STRINGS = NO;
				SWIFT_VERSION = 5.0;
				TARGETED_DEVICE_FAMILY = "1,2";
				TEST_HOST = "$(BUILT_PRODUCTS_DIR)/Lift-Tracker.app/$(BUNDLE_EXECUTABLE_FOLDER_PATH)/Lift-Tracker";
			};
			name = Release;
		};
		07FDCB622A0EBB4100EF9C75 /* Debug */ = {
			isa = XCBuildConfiguration;
			buildSettings = {
				ALWAYS_SEARCH_USER_PATHS = NO;
				CLANG_ANALYZER_NONNULL = YES;
				CLANG_ANALYZER_NUMBER_OBJECT_CONVERSION = YES_AGGRESSIVE;
				CLANG_CXX_LANGUAGE_STANDARD = "gnu++20";
				CLANG_ENABLE_MODULES = YES;
				CLANG_ENABLE_OBJC_ARC = YES;
				CLANG_ENABLE_OBJC_WEAK = YES;
				CLANG_WARN_BLOCK_CAPTURE_AUTORELEASING = YES;
				CLANG_WARN_BOOL_CONVERSION = YES;
				CLANG_WARN_COMMA = YES;
				CLANG_WARN_CONSTANT_CONVERSION = YES;
				CLANG_WARN_DEPRECATED_OBJC_IMPLEMENTATIONS = YES;
				CLANG_WARN_DIRECT_OBJC_ISA_USAGE = YES_ERROR;
				CLANG_WARN_DOCUMENTATION_COMMENTS = YES;
				CLANG_WARN_EMPTY_BODY = YES;
				CLANG_WARN_ENUM_CONVERSION = YES;
				CLANG_WARN_INFINITE_RECURSION = YES;
				CLANG_WARN_INT_CONVERSION = YES;
				CLANG_WARN_NON_LITERAL_NULL_CONVERSION = YES;
				CLANG_WARN_OBJC_IMPLICIT_RETAIN_SELF = YES;
				CLANG_WARN_OBJC_LITERAL_CONVERSION = YES;
				CLANG_WARN_OBJC_ROOT_CLASS = YES_ERROR;
				CLANG_WARN_QUOTED_INCLUDE_IN_FRAMEWORK_HEADER = YES;
				CLANG_WARN_RANGE_LOOP_ANALYSIS = YES;
				CLANG_WARN_STRICT_PROTOTYPES = YES;
				CLANG_WARN_SUSPICIOUS_MOVE = YES;
				CLANG_WARN_UNGUARDED_AVAILABILITY = YES_AGGRESSIVE;
				CLANG_WARN_UNREACHABLE_CODE = YES;
				CLANG_WARN__DUPLICATE_METHOD_MATCH = YES;
				COPY_PHASE_STRIP = NO;
				DEBUG_INFORMATION_FORMAT = dwarf;
				ENABLE_STRICT_OBJC_MSGSEND = YES;
				ENABLE_TESTABILITY = YES;
				GCC_C_LANGUAGE_STANDARD = gnu11;
				GCC_DYNAMIC_NO_PIC = NO;
				GCC_NO_COMMON_BLOCKS = YES;
				GCC_OPTIMIZATION_LEVEL = 0;
				GCC_PREPROCESSOR_DEFINITIONS = (
					"DEBUG=1",
					"$(inherited)",
				);
				GCC_WARN_64_TO_32_BIT_CONVERSION = YES;
				GCC_WARN_ABOUT_RETURN_TYPE = YES_ERROR;
				GCC_WARN_UNDECLARED_SELECTOR = YES;
				GCC_WARN_UNINITIALIZED_AUTOS = YES_AGGRESSIVE;
				GCC_WARN_UNUSED_FUNCTION = YES;
				GCC_WARN_UNUSED_VARIABLE = YES;
				IPHONEOS_DEPLOYMENT_TARGET = 16.4;
				MTL_ENABLE_DEBUG_INFO = INCLUDE_SOURCE;
				MTL_FAST_MATH = YES;
				ONLY_ACTIVE_ARCH = YES;
				SDKROOT = iphoneos;
				SWIFT_ACTIVE_COMPILATION_CONDITIONS = DEBUG;
				SWIFT_OPTIMIZATION_LEVEL = "-Onone";
			};
			name = Debug;
		};
		07FDCB632A0EBB4100EF9C75 /* Release */ = {
			isa = XCBuildConfiguration;
			buildSettings = {
				ALWAYS_SEARCH_USER_PATHS = NO;
				CLANG_ANALYZER_NONNULL = YES;
				CLANG_ANALYZER_NUMBER_OBJECT_CONVERSION = YES_AGGRESSIVE;
				CLANG_CXX_LANGUAGE_STANDARD = "gnu++20";
				CLANG_ENABLE_MODULES = YES;
				CLANG_ENABLE_OBJC_ARC = YES;
				CLANG_ENABLE_OBJC_WEAK = YES;
				CLANG_WARN_BLOCK_CAPTURE_AUTORELEASING = YES;
				CLANG_WARN_BOOL_CONVERSION = YES;
				CLANG_WARN_COMMA = YES;
				CLANG_WARN_CONSTANT_CONVERSION = YES;
				CLANG_WARN_DEPRECATED_OBJC_IMPLEMENTATIONS = YES;
				CLANG_WARN_DIRECT_OBJC_ISA_USAGE = YES_ERROR;
				CLANG_WARN_DOCUMENTATION_COMMENTS = YES;
				CLANG_WARN_EMPTY_BODY = YES;
				CLANG_WARN_ENUM_CONVERSION = YES;
				CLANG_WARN_INFINITE_RECURSION = YES;
				CLANG_WARN_INT_CONVERSION = YES;
				CLANG_WARN_NON_LITERAL_NULL_CONVERSION = YES;
				CLANG_WARN_OBJC_IMPLICIT_RETAIN_SELF = YES;
				CLANG_WARN_OBJC_LITERAL_CONVERSION = YES;
				CLANG_WARN_OBJC_ROOT_CLASS = YES_ERROR;
				CLANG_WARN_QUOTED_INCLUDE_IN_FRAMEWORK_HEADER = YES;
				CLANG_WARN_RANGE_LOOP_ANALYSIS = YES;
				CLANG_WARN_STRICT_PROTOTYPES = YES;
				CLANG_WARN_SUSPICIOUS_MOVE = YES;
				CLANG_WARN_UNGUARDED_AVAILABILITY = YES_AGGRESSIVE;
				CLANG_WARN_UNREACHABLE_CODE = YES;
				CLANG_WARN__DUPLICATE_METHOD_MATCH = YES;
				COPY_PHASE_STRIP = NO;
				DEBUG_INFORMATION_FORMAT = "dwarf-with-dsym";
				ENABLE_NS_ASSERTIONS = NO;
				ENABLE_STRICT_OBJC_MSGSEND = YES;
				GCC_C_LANGUAGE_STANDARD = gnu11;
				GCC_NO_COMMON_BLOCKS = YES;
				GCC_WARN_64_TO_32_BIT_CONVERSION = YES;
				GCC_WARN_ABOUT_RETURN_TYPE = YES_ERROR;
				GCC_WARN_UNDECLARED_SELECTOR = YES;
				GCC_WARN_UNINITIALIZED_AUTOS = YES_AGGRESSIVE;
				GCC_WARN_UNUSED_FUNCTION = YES;
				GCC_WARN_UNUSED_VARIABLE = YES;
				IPHONEOS_DEPLOYMENT_TARGET = 16.4;
				MTL_ENABLE_DEBUG_INFO = NO;
				MTL_FAST_MATH = YES;
				SDKROOT = iphoneos;
				SWIFT_COMPILATION_MODE = wholemodule;
				SWIFT_OPTIMIZATION_LEVEL = "-O";
				VALIDATE_PRODUCT = YES;
			};
			name = Release;
		};
		07FDCB652A0EBB4100EF9C75 /* Debug */ = {
			isa = XCBuildConfiguration;
			buildSettings = {
				ASSETCATALOG_COMPILER_APPICON_NAME = AppIcon;
				ASSETCATALOG_COMPILER_GLOBAL_ACCENT_COLOR_NAME = AccentColor;
				CODE_SIGN_STYLE = Automatic;
				CURRENT_PROJECT_VERSION = 1;
				DEVELOPMENT_ASSET_PATHS = "";
				DEVELOPMENT_TEAM = Z45KXL7DNG;
				ENABLE_PREVIEWS = YES;
				GENERATE_INFOPLIST_FILE = YES;
				INFOPLIST_FILE = "Lift-Tracker/Info.plist";
				INFOPLIST_KEY_UIApplicationSupportsIndirectInputEvents = YES;
				INFOPLIST_KEY_UILaunchScreen_Generation = YES;
				INFOPLIST_KEY_UISupportedInterfaceOrientations_iPad = "UIInterfaceOrientationPortrait UIInterfaceOrientationPortraitUpsideDown UIInterfaceOrientationLandscapeLeft UIInterfaceOrientationLandscapeRight";
				INFOPLIST_KEY_UISupportedInterfaceOrientations_iPhone = "UIInterfaceOrientationPortrait UIInterfaceOrientationLandscapeLeft UIInterfaceOrientationLandscapeRight";
				LD_RUNPATH_SEARCH_PATHS = (
					"$(inherited)",
					"@executable_path/Frameworks",
				);
				MARKETING_VERSION = 1.0;
				PRODUCT_BUNDLE_IDENTIFIER = "com.dominicdanborn.Lift-Tracker";
				PRODUCT_NAME = "$(TARGET_NAME)";
				SWIFT_EMIT_LOC_STRINGS = YES;
				SWIFT_VERSION = 5.0;
				TARGETED_DEVICE_FAMILY = "1,2";
			};
			name = Debug;
		};
		07FDCB662A0EBB4100EF9C75 /* Release */ = {
			isa = XCBuildConfiguration;
			buildSettings = {
				ASSETCATALOG_COMPILER_APPICON_NAME = AppIcon;
				ASSETCATALOG_COMPILER_GLOBAL_ACCENT_COLOR_NAME = AccentColor;
				CODE_SIGN_STYLE = Automatic;
				CURRENT_PROJECT_VERSION = 1;
				DEVELOPMENT_ASSET_PATHS = "";
				DEVELOPMENT_TEAM = Z45KXL7DNG;
				ENABLE_PREVIEWS = YES;
				GENERATE_INFOPLIST_FILE = YES;
				INFOPLIST_FILE = "Lift-Tracker/Info.plist";
				INFOPLIST_KEY_UIApplicationSupportsIndirectInputEvents = YES;
				INFOPLIST_KEY_UILaunchScreen_Generation = YES;
				INFOPLIST_KEY_UISupportedInterfaceOrientations_iPad = "UIInterfaceOrientationPortrait UIInterfaceOrientationPortraitUpsideDown UIInterfaceOrientationLandscapeLeft UIInterfaceOrientationLandscapeRight";
				INFOPLIST_KEY_UISupportedInterfaceOrientations_iPhone = "UIInterfaceOrientationPortrait UIInterfaceOrientationLandscapeLeft UIInterfaceOrientationLandscapeRight";
				LD_RUNPATH_SEARCH_PATHS = (
					"$(inherited)",
					"@executable_path/Frameworks",
				);
				MARKETING_VERSION = 1.0;
				PRODUCT_BUNDLE_IDENTIFIER = "com.dominicdanborn.Lift-Tracker";
				PRODUCT_NAME = "$(TARGET_NAME)";
				SWIFT_EMIT_LOC_STRINGS = YES;
				SWIFT_VERSION = 5.0;
				TARGETED_DEVICE_FAMILY = "1,2";
			};
			name = Release;
		};
/* End XCBuildConfiguration section */

/* Begin XCConfigurationList section */
		075461722B8D392E0063CE03 /* Build configuration list for PBXNativeTarget "UnitTests" */ = {
			isa = XCConfigurationList;
			buildConfigurations = (
				075461732B8D392E0063CE03 /* Debug */,
				075461742B8D392E0063CE03 /* Release */,
			);
			defaultConfigurationIsVisible = 0;
			defaultConfigurationName = Release;
		};
		07FDCB4C2A0EBB3F00EF9C75 /* Build configuration list for PBXProject "Lift-Tracker" */ = {
			isa = XCConfigurationList;
			buildConfigurations = (
				07FDCB622A0EBB4100EF9C75 /* Debug */,
				07FDCB632A0EBB4100EF9C75 /* Release */,
			);
			defaultConfigurationIsVisible = 0;
			defaultConfigurationName = Release;
		};
		07FDCB642A0EBB4100EF9C75 /* Build configuration list for PBXNativeTarget "Lift-Tracker" */ = {
			isa = XCConfigurationList;
			buildConfigurations = (
				07FDCB652A0EBB4100EF9C75 /* Debug */,
				07FDCB662A0EBB4100EF9C75 /* Release */,
			);
			defaultConfigurationIsVisible = 0;
			defaultConfigurationName = Release;
		};
/* End XCConfigurationList section */

/* Begin XCVersionGroup section */
		07FDCB5F2A0EBB4100EF9C75 /* Lift_Tracker.xcdatamodeld */ = {
			isa = XCVersionGroup;
			children = (
				07FDCB602A0EBB4100EF9C75 /* Lift_Tracker.xcdatamodel */,
			);
			currentVersion = 07FDCB602A0EBB4100EF9C75 /* Lift_Tracker.xcdatamodel */;
			path = Lift_Tracker.xcdatamodeld;
			sourceTree = "<group>";
			versionGroupType = wrapper.xcdatamodel;
		};
/* End XCVersionGroup section */
	};
	rootObject = 07FDCB492A0EBB3F00EF9C75 /* Project object */;
}
